// !$*UTF8*$!
{
	archiveVersion = 1;
	classes = {
	};
	objectVersion = 50;
	objects = {

/* Begin PBXBuildFile section */
		130A588E21A1E36300D693B4 /* Cache.swift in Sources */ = {isa = PBXBuildFile; fileRef = 130A588D21A1E36300D693B4 /* Cache.swift */; };
		130A589021A1E36E00D693B4 /* DiskCache.swift in Sources */ = {isa = PBXBuildFile; fileRef = 130A588F21A1E36E00D693B4 /* DiskCache.swift */; };
		130A589221A1E37F00D693B4 /* SharedCache.swift in Sources */ = {isa = PBXBuildFile; fileRef = 130A589121A1E37F00D693B4 /* SharedCache.swift */; };
		130A589421A1EB7E00D693B4 /* Cacheable.swift in Sources */ = {isa = PBXBuildFile; fileRef = 130A589321A1EB7E00D693B4 /* Cacheable.swift */; };
		130A589721A2058500D693B4 /* TypeWrapper.swift in Sources */ = {isa = PBXBuildFile; fileRef = 130A589621A2058500D693B4 /* TypeWrapper.swift */; };
		130A589921A20E3B00D693B4 /* ImageCache.swift in Sources */ = {isa = PBXBuildFile; fileRef = 130A589821A20E3B00D693B4 /* ImageCache.swift */; };
		130A589B21A25B5500D693B4 /* MimeHelper.swift in Sources */ = {isa = PBXBuildFile; fileRef = 130A589A21A25B5500D693B4 /* MimeHelper.swift */; };
		1321751721B7C9C300966B92 /* FileManager+Extensions.swift in Sources */ = {isa = PBXBuildFile; fileRef = 1321751621B7C9C300966B92 /* FileManager+Extensions.swift */; };
		134805E521A528E900AF9BAF /* Mime-Mapping.plist in Resources */ = {isa = PBXBuildFile; fileRef = 134805E421A528E900AF9BAF /* Mime-Mapping.plist */; };
		134805E721A551AB00AF9BAF /* RootNavigationController.swift in Sources */ = {isa = PBXBuildFile; fileRef = 134805E621A551AB00AF9BAF /* RootNavigationController.swift */; };
		134805E921A6030800AF9BAF /* Inbox.storyboard in Resources */ = {isa = PBXBuildFile; fileRef = 134805E821A6030800AF9BAF /* Inbox.storyboard */; };
		134805EB21A6032800AF9BAF /* InboxViewController.swift in Sources */ = {isa = PBXBuildFile; fileRef = 134805EA21A6032800AF9BAF /* InboxViewController.swift */; };
		134805ED21A6033900AF9BAF /* InboxPresenter.swift in Sources */ = {isa = PBXBuildFile; fileRef = 134805EC21A6033900AF9BAF /* InboxPresenter.swift */; };
		134805EF21A6034400AF9BAF /* InboxDelegate.swift in Sources */ = {isa = PBXBuildFile; fileRef = 134805EE21A6034400AF9BAF /* InboxDelegate.swift */; };
		134805F121A6050600AF9BAF /* InboxTableViewCell.swift in Sources */ = {isa = PBXBuildFile; fileRef = 134805F021A6050600AF9BAF /* InboxTableViewCell.swift */; };
		134805F321A7353C00AF9BAF /* InboxDetailPresenter.swift in Sources */ = {isa = PBXBuildFile; fileRef = 134805F221A7353C00AF9BAF /* InboxDetailPresenter.swift */; };
		134805F521A736EE00AF9BAF /* InboxDetailDelegate.swift in Sources */ = {isa = PBXBuildFile; fileRef = 134805F421A736EE00AF9BAF /* InboxDetailDelegate.swift */; };
		134805F721A7375300AF9BAF /* InboxDetailViewController.swift in Sources */ = {isa = PBXBuildFile; fileRef = 134805F621A7375300AF9BAF /* InboxDetailViewController.swift */; };
		13497E7F21A4B6BE00DDE195 /* AssetFileDataSource.swift in Sources */ = {isa = PBXBuildFile; fileRef = 13497E7E21A4B6BE00DDE195 /* AssetFileDataSource.swift */; };
		13796D7B21AE4410008FCA13 /* Shareable.swift in Sources */ = {isa = PBXBuildFile; fileRef = 13796D7A21AE4410008FCA13 /* Shareable.swift */; };
		13796D7D21B4A12A008FCA13 /* GoogleService-Info.plist in Resources */ = {isa = PBXBuildFile; fileRef = 13796D7C21B4A12A008FCA13 /* GoogleService-Info.plist */; };
		13796D7F21B4CFD1008FCA13 /* Notifiable.swift in Sources */ = {isa = PBXBuildFile; fileRef = 13796D7E21B4CFD1008FCA13 /* Notifiable.swift */; };
		13796D8221B4DBDC008FCA13 /* EngageViewController.swift in Sources */ = {isa = PBXBuildFile; fileRef = 13796D8121B4DBDC008FCA13 /* EngageViewController.swift */; };
		13796D8421B50FD8008FCA13 /* Support.storyboard in Resources */ = {isa = PBXBuildFile; fileRef = 13796D8321B50FD8008FCA13 /* Support.storyboard */; };
		13796D8621B510C2008FCA13 /* SupportPresenter.swift in Sources */ = {isa = PBXBuildFile; fileRef = 13796D8521B510C2008FCA13 /* SupportPresenter.swift */; };
		13796D8821B510D1008FCA13 /* SupportDelegate.swift in Sources */ = {isa = PBXBuildFile; fileRef = 13796D8721B510D1008FCA13 /* SupportDelegate.swift */; };
		13796D8A21B51164008FCA13 /* SupportViewController.swift in Sources */ = {isa = PBXBuildFile; fileRef = 13796D8921B51164008FCA13 /* SupportViewController.swift */; };
		138CBBE3219240EB00015EDC /* AppDelegate.swift in Sources */ = {isa = PBXBuildFile; fileRef = 138CBBE2219240EB00015EDC /* AppDelegate.swift */; };
		138CBBEE219240ED00015EDC /* Assets.xcassets in Resources */ = {isa = PBXBuildFile; fileRef = 138CBBED219240ED00015EDC /* Assets.xcassets */; };
		138CBBF1219240ED00015EDC /* LaunchScreen.storyboard in Resources */ = {isa = PBXBuildFile; fileRef = 138CBBEF219240ED00015EDC /* LaunchScreen.storyboard */; };
		138CBBFC219240ED00015EDC /* EngageTests.swift in Sources */ = {isa = PBXBuildFile; fileRef = 138CBBFB219240ED00015EDC /* EngageTests.swift */; };
		138CBC07219240ED00015EDC /* EngageUITests.swift in Sources */ = {isa = PBXBuildFile; fileRef = 138CBC06219240ED00015EDC /* EngageUITests.swift */; };
		138CBC172192415900015EDC /* Portal.swift in Sources */ = {isa = PBXBuildFile; fileRef = 138CBC162192415900015EDC /* Portal.swift */; };
		138CBC192192435900015EDC /* Calendar.swift in Sources */ = {isa = PBXBuildFile; fileRef = 138CBC182192435900015EDC /* Calendar.swift */; };
		138CBC1B219243AF00015EDC /* Theme.swift in Sources */ = {isa = PBXBuildFile; fileRef = 138CBC1A219243AF00015EDC /* Theme.swift */; };
		138CBC1D2192446C00015EDC /* Provision.swift in Sources */ = {isa = PBXBuildFile; fileRef = 138CBC1C2192446C00015EDC /* Provision.swift */; };
		138CBC1F219244B300015EDC /* Profile.swift in Sources */ = {isa = PBXBuildFile; fileRef = 138CBC1E219244B300015EDC /* Profile.swift */; };
		138CBC22219247AD00015EDC /* PropertyManager.swift in Sources */ = {isa = PBXBuildFile; fileRef = 138CBC21219247AD00015EDC /* PropertyManager.swift */; };
		138CBC29219251FF00015EDC /* AppConfigurator.swift in Sources */ = {isa = PBXBuildFile; fileRef = 138CBC28219251FF00015EDC /* AppConfigurator.swift */; };
		138CBC2C219252E700015EDC /* UserData.swift in Sources */ = {isa = PBXBuildFile; fileRef = 138CBC2B219252E700015EDC /* UserData.swift */; };
		138CBC2E219555CD00015EDC /* Request.swift in Sources */ = {isa = PBXBuildFile; fileRef = 138CBC2D219555CD00015EDC /* Request.swift */; };
		138CBC342195637700015EDC /* CommonProperties.swift in Sources */ = {isa = PBXBuildFile; fileRef = 138CBC332195637700015EDC /* CommonProperties.swift */; };
		138CBC362195E00F00015EDC /* RequestTaskManager.swift in Sources */ = {isa = PBXBuildFile; fileRef = 138CBC352195E00F00015EDC /* RequestTaskManager.swift */; };
		138CBC392195FF0000015EDC /* PortalDataSource.swift in Sources */ = {isa = PBXBuildFile; fileRef = 138CBC382195FF0000015EDC /* PortalDataSource.swift */; };
		138CBC3B2196186E00015EDC /* Log.swift in Sources */ = {isa = PBXBuildFile; fileRef = 138CBC3A2196186E00015EDC /* Log.swift */; };
		138CBC3D219635B700015EDC /* Error.swift in Sources */ = {isa = PBXBuildFile; fileRef = 138CBC3C219635B700015EDC /* Error.swift */; };
		138CBC3F21965E2E00015EDC /* CalendarDataSource.swift in Sources */ = {isa = PBXBuildFile; fileRef = 138CBC3E21965E2E00015EDC /* CalendarDataSource.swift */; };
		138CBC4121965F3800015EDC /* RestResponseCheckable.swift in Sources */ = {isa = PBXBuildFile; fileRef = 138CBC4021965F3800015EDC /* RestResponseCheckable.swift */; };
		138CBC442199164800015EDC /* Login.storyboard in Resources */ = {isa = PBXBuildFile; fileRef = 138CBC432199164800015EDC /* Login.storyboard */; };
		138CBC462199169200015EDC /* ThemeDataSource.swift in Sources */ = {isa = PBXBuildFile; fileRef = 138CBC452199169200015EDC /* ThemeDataSource.swift */; };
		138CBC48219918BB00015EDC /* ProvisioningDataSource.swift in Sources */ = {isa = PBXBuildFile; fileRef = 138CBC47219918BB00015EDC /* ProvisioningDataSource.swift */; };
		138CBC4B2199262F00015EDC /* CommonImages.swift in Sources */ = {isa = PBXBuildFile; fileRef = 138CBC4A2199262F00015EDC /* CommonImages.swift */; };
		138CBC4D2199321D00015EDC /* ProvisioningViewController.swift in Sources */ = {isa = PBXBuildFile; fileRef = 138CBC4C2199321D00015EDC /* ProvisioningViewController.swift */; };
		138CBC50219932BF00015EDC /* ProvisioningPresenter.swift in Sources */ = {isa = PBXBuildFile; fileRef = 138CBC4F219932BF00015EDC /* ProvisioningPresenter.swift */; };
		138CBC532199386D00015EDC /* ProvisioningDelgate.swift in Sources */ = {isa = PBXBuildFile; fileRef = 138CBC522199386D00015EDC /* ProvisioningDelgate.swift */; };
		138CBC562199E00600015EDC /* Waitable.swift in Sources */ = {isa = PBXBuildFile; fileRef = 138CBC552199E00600015EDC /* Waitable.swift */; };
		138CBC652199E2E200015EDC /* String+Extensions.swift in Sources */ = {isa = PBXBuildFile; fileRef = 138CBC582199E2E100015EDC /* String+Extensions.swift */; };
		138CBC662199E2E200015EDC /* UIColor+Extensions.swift in Sources */ = {isa = PBXBuildFile; fileRef = 138CBC592199E2E100015EDC /* UIColor+Extensions.swift */; };
		138CBC672199E2E200015EDC /* UITextField+Extensions.swift in Sources */ = {isa = PBXBuildFile; fileRef = 138CBC5A2199E2E100015EDC /* UITextField+Extensions.swift */; };
		138CBC682199E2E200015EDC /* Integer+Extensions.swift in Sources */ = {isa = PBXBuildFile; fileRef = 138CBC5B2199E2E100015EDC /* Integer+Extensions.swift */; };
		138CBC692199E2E200015EDC /* Data+Extensions.swift in Sources */ = {isa = PBXBuildFile; fileRef = 138CBC5C2199E2E100015EDC /* Data+Extensions.swift */; };
		138CBC6A2199E2E200015EDC /* UIApplication+Extensions.swift in Sources */ = {isa = PBXBuildFile; fileRef = 138CBC5D2199E2E200015EDC /* UIApplication+Extensions.swift */; };
		138CBC6B2199E2E200015EDC /* UIView+Extensions.swift in Sources */ = {isa = PBXBuildFile; fileRef = 138CBC5E2199E2E200015EDC /* UIView+Extensions.swift */; };
		138CBC6C2199E2E200015EDC /* UIScrollView+Extensions.swift in Sources */ = {isa = PBXBuildFile; fileRef = 138CBC5F2199E2E200015EDC /* UIScrollView+Extensions.swift */; };
		138CBC6D2199E2E200015EDC /* UIDevice+Extensions.swift in Sources */ = {isa = PBXBuildFile; fileRef = 138CBC602199E2E200015EDC /* UIDevice+Extensions.swift */; };
		138CBC6E2199E2E200015EDC /* UIImage+Extensions.swift in Sources */ = {isa = PBXBuildFile; fileRef = 138CBC612199E2E200015EDC /* UIImage+Extensions.swift */; };
		138CBC702199E2E200015EDC /* Formatter+Extensions.swift in Sources */ = {isa = PBXBuildFile; fileRef = 138CBC632199E2E200015EDC /* Formatter+Extensions.swift */; };
		138CBC712199E2E200015EDC /* Date+Extensions.swift in Sources */ = {isa = PBXBuildFile; fileRef = 138CBC642199E2E200015EDC /* Date+Extensions.swift */; };
		138CBC732199E48100015EDC /* OrientationConfigurable.swift in Sources */ = {isa = PBXBuildFile; fileRef = 138CBC722199E48100015EDC /* OrientationConfigurable.swift */; };
		1398257221A9EF7300AE5702 /* CalendarViewController.swift in Sources */ = {isa = PBXBuildFile; fileRef = 1398257121A9EF7300AE5702 /* CalendarViewController.swift */; };
		1398257421A9EF8400AE5702 /* CalendarPresenter.swift in Sources */ = {isa = PBXBuildFile; fileRef = 1398257321A9EF8400AE5702 /* CalendarPresenter.swift */; };
		1398257621A9EF9000AE5702 /* CalendarDelegate.swift in Sources */ = {isa = PBXBuildFile; fileRef = 1398257521A9EF9000AE5702 /* CalendarDelegate.swift */; };
		1398257821A9F83D00AE5702 /* Calendar.storyboard in Resources */ = {isa = PBXBuildFile; fileRef = 1398257721A9F83D00AE5702 /* Calendar.storyboard */; };
		1398257C21AA362D00AE5702 /* CalendarDetailViewController.swift in Sources */ = {isa = PBXBuildFile; fileRef = 1398257B21AA362D00AE5702 /* CalendarDetailViewController.swift */; };
		1398257E21AA400D00AE5702 /* CalendarDetailDelegate.swift in Sources */ = {isa = PBXBuildFile; fileRef = 1398257D21AA400D00AE5702 /* CalendarDetailDelegate.swift */; };
		1398258021AA44DE00AE5702 /* CalendarDetailPresenter.swift in Sources */ = {isa = PBXBuildFile; fileRef = 1398257F21AA44DE00AE5702 /* CalendarDetailPresenter.swift */; };
		13A8B0CC219A2263003CCFC5 /* Stylable.swift in Sources */ = {isa = PBXBuildFile; fileRef = 13A8B0CB219A2263003CCFC5 /* Stylable.swift */; };
		13A8B0CE219A2449003CCFC5 /* UIButton+Extensions.swift in Sources */ = {isa = PBXBuildFile; fileRef = 13A8B0CD219A2449003CCFC5 /* UIButton+Extensions.swift */; };
		13A8B0D0219A27FA003CCFC5 /* ThemeConfigurator.swift in Sources */ = {isa = PBXBuildFile; fileRef = 13A8B0CF219A27FA003CCFC5 /* ThemeConfigurator.swift */; };
		13A8B0D2219A2AF4003CCFC5 /* UIImageView+Extensions.swift in Sources */ = {isa = PBXBuildFile; fileRef = 13A8B0D1219A2AF4003CCFC5 /* UIImageView+Extensions.swift */; };
		13A8B0D4219A367C003CCFC5 /* ThemePresenter.swift in Sources */ = {isa = PBXBuildFile; fileRef = 13A8B0D3219A367C003CCFC5 /* ThemePresenter.swift */; };
		13A8B0D6219A4F1D003CCFC5 /* ThemeDelegate.swift in Sources */ = {isa = PBXBuildFile; fileRef = 13A8B0D5219A4F1D003CCFC5 /* ThemeDelegate.swift */; };
		13A8B0D8219A5794003CCFC5 /* LoginPresenter.swift in Sources */ = {isa = PBXBuildFile; fileRef = 13A8B0D7219A5794003CCFC5 /* LoginPresenter.swift */; };
		13A8B0DA219A57E3003CCFC5 /* LoginDelegate.swift in Sources */ = {isa = PBXBuildFile; fileRef = 13A8B0D9219A57E3003CCFC5 /* LoginDelegate.swift */; };
		13A8B0DC219A59E8003CCFC5 /* LoginViewController.swift in Sources */ = {isa = PBXBuildFile; fileRef = 13A8B0DB219A59E8003CCFC5 /* LoginViewController.swift */; };
		13A8B0E5219C0E24003CCFC5 /* DrawerTableViewCell.swift in Sources */ = {isa = PBXBuildFile; fileRef = 13A8B0E4219C0E24003CCFC5 /* DrawerTableViewCell.swift */; };
		13A8B0E7219C8919003CCFC5 /* WebViewController.swift in Sources */ = {isa = PBXBuildFile; fileRef = 13A8B0E6219C8919003CCFC5 /* WebViewController.swift */; };
		13A8B0E9219C8931003CCFC5 /* WebViewPresenter.swift in Sources */ = {isa = PBXBuildFile; fileRef = 13A8B0E8219C8931003CCFC5 /* WebViewPresenter.swift */; };
		13A8B0EB219C8949003CCFC5 /* WebViewDelegate.swift in Sources */ = {isa = PBXBuildFile; fileRef = 13A8B0EA219C8949003CCFC5 /* WebViewDelegate.swift */; };
		13A8B0EF219C9265003CCFC5 /* ActionHandler.swift in Sources */ = {isa = PBXBuildFile; fileRef = 13A8B0EE219C9265003CCFC5 /* ActionHandler.swift */; };
		13A8B0F1219C989A003CCFC5 /* Web.storyboard in Resources */ = {isa = PBXBuildFile; fileRef = 13A8B0F0219C989A003CCFC5 /* Web.storyboard */; };
		13A8B0F3219CBE61003CCFC5 /* WKCookieWebView.swift in Sources */ = {isa = PBXBuildFile; fileRef = 13A8B0F2219CBE61003CCFC5 /* WKCookieWebView.swift */; };
		13A8B0F5219CF9F5003CCFC5 /* Home.storyboard in Resources */ = {isa = PBXBuildFile; fileRef = 13A8B0F4219CF9F5003CCFC5 /* Home.storyboard */; };
		13A8B0F7219CFA17003CCFC5 /* HomePresenter.swift in Sources */ = {isa = PBXBuildFile; fileRef = 13A8B0F6219CFA17003CCFC5 /* HomePresenter.swift */; };
		13A8B0F9219CFA27003CCFC5 /* HomeDelegate.swift in Sources */ = {isa = PBXBuildFile; fileRef = 13A8B0F8219CFA27003CCFC5 /* HomeDelegate.swift */; };
		13A8B0FB219CFA38003CCFC5 /* HomeViewController.swift in Sources */ = {isa = PBXBuildFile; fileRef = 13A8B0FA219CFA38003CCFC5 /* HomeViewController.swift */; };
		13A8B0FD219D0546003CCFC5 /* AssetTableViewCell.swift in Sources */ = {isa = PBXBuildFile; fileRef = 13A8B0FC219D0546003CCFC5 /* AssetTableViewCell.swift */; };
		13A8B0FF219D0570003CCFC5 /* AssetCollectionViewCell.swift in Sources */ = {isa = PBXBuildFile; fileRef = 13A8B0FE219D0570003CCFC5 /* AssetCollectionViewCell.swift */; };
		13D3D6A121BB94C5004608E0 /* postrequest.js in Resources */ = {isa = PBXBuildFile; fileRef = 13D3D6A021BB94C5004608E0 /* postrequest.js */; };
		57EFED75A364F1AC1E1D37CA /* Pods_EngageUITests.framework in Frameworks */ = {isa = PBXBuildFile; fileRef = 8224EE2C1EA7386123DCAB2E /* Pods_EngageUITests.framework */; };
		78CD6E2075C0602E1E9E24DE /* Pods_EngageTests.framework in Frameworks */ = {isa = PBXBuildFile; fileRef = F479B823E11AA59D5F69AC29 /* Pods_EngageTests.framework */; };
		7C71D6450D8B3712714FFD5D /* Pods_Engage.framework in Frameworks */ = {isa = PBXBuildFile; fileRef = 91D3FFE013487F476449D44A /* Pods_Engage.framework */; };
		F9C93784219B7DBD009C8DAA /* DrawerPresenter.swift in Sources */ = {isa = PBXBuildFile; fileRef = F9C93783219B7DBD009C8DAA /* DrawerPresenter.swift */; };
		F9C93786219B7DDE009C8DAA /* DrawerDelegate.swift in Sources */ = {isa = PBXBuildFile; fileRef = F9C93785219B7DDE009C8DAA /* DrawerDelegate.swift */; };
		F9C93788219B8052009C8DAA /* UIBarButtonItem+Extensions.swift in Sources */ = {isa = PBXBuildFile; fileRef = F9C93787219B8052009C8DAA /* UIBarButtonItem+Extensions.swift */; };
		F9C9378A219B888A009C8DAA /* DrawerNavigation.storyboard in Resources */ = {isa = PBXBuildFile; fileRef = F9C93789219B888A009C8DAA /* DrawerNavigation.storyboard */; };
		F9C9378C219B88AA009C8DAA /* DrawerNavigationController.swift in Sources */ = {isa = PBXBuildFile; fileRef = F9C9378B219B88AA009C8DAA /* DrawerNavigationController.swift */; };
		F9DFADC4219B3674009F2203 /* AuthenticationDataSource.swift in Sources */ = {isa = PBXBuildFile; fileRef = F9DFADC3219B3674009F2203 /* AuthenticationDataSource.swift */; };
		F9DFADC6219B428D009F2203 /* Shakeable.swift in Sources */ = {isa = PBXBuildFile; fileRef = F9DFADC5219B428D009F2203 /* Shakeable.swift */; };
		F9DFADC8219B6576009F2203 /* Drawer.storyboard in Resources */ = {isa = PBXBuildFile; fileRef = F9DFADC7219B6576009F2203 /* Drawer.storyboard */; };
		F9DFADCA219B66CC009F2203 /* DrawerViewController.swift in Sources */ = {isa = PBXBuildFile; fileRef = F9DFADC9219B66CC009F2203 /* DrawerViewController.swift */; };
		F9DFADCC219B6749009F2203 /* Containerable.swift in Sources */ = {isa = PBXBuildFile; fileRef = F9DFADCB219B6749009F2203 /* Containerable.swift */; };
/* End PBXBuildFile section */

/* Begin PBXContainerItemProxy section */
		138CBBF8219240ED00015EDC /* PBXContainerItemProxy */ = {
			isa = PBXContainerItemProxy;
			containerPortal = 138CBBD7219240EB00015EDC /* Project object */;
			proxyType = 1;
			remoteGlobalIDString = 138CBBDE219240EB00015EDC;
			remoteInfo = Engage;
		};
		138CBC03219240ED00015EDC /* PBXContainerItemProxy */ = {
			isa = PBXContainerItemProxy;
			containerPortal = 138CBBD7219240EB00015EDC /* Project object */;
			proxyType = 1;
			remoteGlobalIDString = 138CBBDE219240EB00015EDC;
			remoteInfo = Engage;
		};
/* End PBXContainerItemProxy section */

/* Begin PBXFileReference section */
		08DC33DB7D0BE11A4E0A761F /* Pods-EngageUITests.release.xcconfig */ = {isa = PBXFileReference; includeInIndex = 1; lastKnownFileType = text.xcconfig; name = "Pods-EngageUITests.release.xcconfig"; path = "Pods/Target Support Files/Pods-EngageUITests/Pods-EngageUITests.release.xcconfig"; sourceTree = "<group>"; };
		130A588D21A1E36300D693B4 /* Cache.swift */ = {isa = PBXFileReference; lastKnownFileType = sourcecode.swift; path = Cache.swift; sourceTree = "<group>"; };
		130A588F21A1E36E00D693B4 /* DiskCache.swift */ = {isa = PBXFileReference; lastKnownFileType = sourcecode.swift; path = DiskCache.swift; sourceTree = "<group>"; };
		130A589121A1E37F00D693B4 /* SharedCache.swift */ = {isa = PBXFileReference; lastKnownFileType = sourcecode.swift; path = SharedCache.swift; sourceTree = "<group>"; };
		130A589321A1EB7E00D693B4 /* Cacheable.swift */ = {isa = PBXFileReference; fileEncoding = 4; lastKnownFileType = sourcecode.swift; path = Cacheable.swift; sourceTree = "<group>"; };
		130A589621A2058500D693B4 /* TypeWrapper.swift */ = {isa = PBXFileReference; lastKnownFileType = sourcecode.swift; path = TypeWrapper.swift; sourceTree = "<group>"; };
		130A589821A20E3B00D693B4 /* ImageCache.swift */ = {isa = PBXFileReference; lastKnownFileType = sourcecode.swift; path = ImageCache.swift; sourceTree = "<group>"; };
		130A589A21A25B5500D693B4 /* MimeHelper.swift */ = {isa = PBXFileReference; lastKnownFileType = sourcecode.swift; path = MimeHelper.swift; sourceTree = "<group>"; };
		1321751621B7C9C300966B92 /* FileManager+Extensions.swift */ = {isa = PBXFileReference; fileEncoding = 4; lastKnownFileType = sourcecode.swift; path = "FileManager+Extensions.swift"; sourceTree = "<group>"; };
		134805E421A528E900AF9BAF /* Mime-Mapping.plist */ = {isa = PBXFileReference; lastKnownFileType = text.plist.xml; path = "Mime-Mapping.plist"; sourceTree = "<group>"; };
		134805E621A551AB00AF9BAF /* RootNavigationController.swift */ = {isa = PBXFileReference; lastKnownFileType = sourcecode.swift; path = RootNavigationController.swift; sourceTree = "<group>"; };
		134805E821A6030800AF9BAF /* Inbox.storyboard */ = {isa = PBXFileReference; lastKnownFileType = file.storyboard; path = Inbox.storyboard; sourceTree = "<group>"; };
		134805EA21A6032800AF9BAF /* InboxViewController.swift */ = {isa = PBXFileReference; lastKnownFileType = sourcecode.swift; path = InboxViewController.swift; sourceTree = "<group>"; };
		134805EC21A6033900AF9BAF /* InboxPresenter.swift */ = {isa = PBXFileReference; lastKnownFileType = sourcecode.swift; path = InboxPresenter.swift; sourceTree = "<group>"; };
		134805EE21A6034400AF9BAF /* InboxDelegate.swift */ = {isa = PBXFileReference; lastKnownFileType = sourcecode.swift; path = InboxDelegate.swift; sourceTree = "<group>"; };
		134805F021A6050600AF9BAF /* InboxTableViewCell.swift */ = {isa = PBXFileReference; lastKnownFileType = sourcecode.swift; path = InboxTableViewCell.swift; sourceTree = "<group>"; };
		134805F221A7353C00AF9BAF /* InboxDetailPresenter.swift */ = {isa = PBXFileReference; lastKnownFileType = sourcecode.swift; path = InboxDetailPresenter.swift; sourceTree = "<group>"; };
		134805F421A736EE00AF9BAF /* InboxDetailDelegate.swift */ = {isa = PBXFileReference; lastKnownFileType = sourcecode.swift; path = InboxDetailDelegate.swift; sourceTree = "<group>"; };
		134805F621A7375300AF9BAF /* InboxDetailViewController.swift */ = {isa = PBXFileReference; lastKnownFileType = sourcecode.swift; path = InboxDetailViewController.swift; sourceTree = "<group>"; };
		13497E7E21A4B6BE00DDE195 /* AssetFileDataSource.swift */ = {isa = PBXFileReference; lastKnownFileType = sourcecode.swift; path = AssetFileDataSource.swift; sourceTree = "<group>"; };
		13796D7A21AE4410008FCA13 /* Shareable.swift */ = {isa = PBXFileReference; lastKnownFileType = sourcecode.swift; path = Shareable.swift; sourceTree = "<group>"; };
		13796D7C21B4A12A008FCA13 /* GoogleService-Info.plist */ = {isa = PBXFileReference; fileEncoding = 4; lastKnownFileType = text.plist.xml; path = "GoogleService-Info.plist"; sourceTree = "<group>"; };
		13796D7E21B4CFD1008FCA13 /* Notifiable.swift */ = {isa = PBXFileReference; fileEncoding = 4; lastKnownFileType = sourcecode.swift; path = Notifiable.swift; sourceTree = "<group>"; };
		13796D8021B4DA91008FCA13 /* Engage.entitlements */ = {isa = PBXFileReference; lastKnownFileType = text.plist.entitlements; path = Engage.entitlements; sourceTree = "<group>"; };
		13796D8121B4DBDC008FCA13 /* EngageViewController.swift */ = {isa = PBXFileReference; lastKnownFileType = sourcecode.swift; path = EngageViewController.swift; sourceTree = "<group>"; };
		13796D8321B50FD8008FCA13 /* Support.storyboard */ = {isa = PBXFileReference; lastKnownFileType = file.storyboard; path = Support.storyboard; sourceTree = "<group>"; };
		13796D8521B510C2008FCA13 /* SupportPresenter.swift */ = {isa = PBXFileReference; lastKnownFileType = sourcecode.swift; path = SupportPresenter.swift; sourceTree = "<group>"; };
		13796D8721B510D1008FCA13 /* SupportDelegate.swift */ = {isa = PBXFileReference; lastKnownFileType = sourcecode.swift; path = SupportDelegate.swift; sourceTree = "<group>"; };
		13796D8921B51164008FCA13 /* SupportViewController.swift */ = {isa = PBXFileReference; lastKnownFileType = sourcecode.swift; path = SupportViewController.swift; sourceTree = "<group>"; };
		138CBBDF219240EB00015EDC /* Engage.app */ = {isa = PBXFileReference; explicitFileType = wrapper.application; includeInIndex = 0; path = Engage.app; sourceTree = BUILT_PRODUCTS_DIR; };
		138CBBE2219240EB00015EDC /* AppDelegate.swift */ = {isa = PBXFileReference; lastKnownFileType = sourcecode.swift; path = AppDelegate.swift; sourceTree = "<group>"; };
		138CBBED219240ED00015EDC /* Assets.xcassets */ = {isa = PBXFileReference; lastKnownFileType = folder.assetcatalog; path = Assets.xcassets; sourceTree = "<group>"; };
		138CBBF0219240ED00015EDC /* Base */ = {isa = PBXFileReference; lastKnownFileType = file.storyboard; name = Base; path = Base.lproj/LaunchScreen.storyboard; sourceTree = "<group>"; };
		138CBBF2219240ED00015EDC /* Info.plist */ = {isa = PBXFileReference; lastKnownFileType = text.plist.xml; path = Info.plist; sourceTree = "<group>"; };
		138CBBF7219240ED00015EDC /* EngageTests.xctest */ = {isa = PBXFileReference; explicitFileType = wrapper.cfbundle; includeInIndex = 0; path = EngageTests.xctest; sourceTree = BUILT_PRODUCTS_DIR; };
		138CBBFB219240ED00015EDC /* EngageTests.swift */ = {isa = PBXFileReference; lastKnownFileType = sourcecode.swift; path = EngageTests.swift; sourceTree = "<group>"; };
		138CBBFD219240ED00015EDC /* Info.plist */ = {isa = PBXFileReference; lastKnownFileType = text.plist.xml; path = Info.plist; sourceTree = "<group>"; };
		138CBC02219240ED00015EDC /* EngageUITests.xctest */ = {isa = PBXFileReference; explicitFileType = wrapper.cfbundle; includeInIndex = 0; path = EngageUITests.xctest; sourceTree = BUILT_PRODUCTS_DIR; };
		138CBC06219240ED00015EDC /* EngageUITests.swift */ = {isa = PBXFileReference; lastKnownFileType = sourcecode.swift; path = EngageUITests.swift; sourceTree = "<group>"; };
		138CBC08219240ED00015EDC /* Info.plist */ = {isa = PBXFileReference; lastKnownFileType = text.plist.xml; path = Info.plist; sourceTree = "<group>"; };
		138CBC162192415900015EDC /* Portal.swift */ = {isa = PBXFileReference; lastKnownFileType = sourcecode.swift; path = Portal.swift; sourceTree = "<group>"; };
		138CBC182192435900015EDC /* Calendar.swift */ = {isa = PBXFileReference; lastKnownFileType = sourcecode.swift; path = Calendar.swift; sourceTree = "<group>"; };
		138CBC1A219243AF00015EDC /* Theme.swift */ = {isa = PBXFileReference; lastKnownFileType = sourcecode.swift; path = Theme.swift; sourceTree = "<group>"; };
		138CBC1C2192446C00015EDC /* Provision.swift */ = {isa = PBXFileReference; lastKnownFileType = sourcecode.swift; path = Provision.swift; sourceTree = "<group>"; };
		138CBC1E219244B300015EDC /* Profile.swift */ = {isa = PBXFileReference; lastKnownFileType = sourcecode.swift; path = Profile.swift; sourceTree = "<group>"; };
		138CBC21219247AD00015EDC /* PropertyManager.swift */ = {isa = PBXFileReference; lastKnownFileType = sourcecode.swift; path = PropertyManager.swift; sourceTree = "<group>"; };
		138CBC28219251FF00015EDC /* AppConfigurator.swift */ = {isa = PBXFileReference; lastKnownFileType = sourcecode.swift; path = AppConfigurator.swift; sourceTree = "<group>"; };
		138CBC2B219252E700015EDC /* UserData.swift */ = {isa = PBXFileReference; lastKnownFileType = sourcecode.swift; path = UserData.swift; sourceTree = "<group>"; };
		138CBC2D219555CD00015EDC /* Request.swift */ = {isa = PBXFileReference; lastKnownFileType = sourcecode.swift; path = Request.swift; sourceTree = "<group>"; };
		138CBC332195637700015EDC /* CommonProperties.swift */ = {isa = PBXFileReference; lastKnownFileType = sourcecode.swift; path = CommonProperties.swift; sourceTree = "<group>"; };
		138CBC352195E00F00015EDC /* RequestTaskManager.swift */ = {isa = PBXFileReference; lastKnownFileType = sourcecode.swift; path = RequestTaskManager.swift; sourceTree = "<group>"; };
		138CBC382195FF0000015EDC /* PortalDataSource.swift */ = {isa = PBXFileReference; lastKnownFileType = sourcecode.swift; path = PortalDataSource.swift; sourceTree = "<group>"; };
		138CBC3A2196186E00015EDC /* Log.swift */ = {isa = PBXFileReference; lastKnownFileType = sourcecode.swift; path = Log.swift; sourceTree = "<group>"; };
		138CBC3C219635B700015EDC /* Error.swift */ = {isa = PBXFileReference; lastKnownFileType = sourcecode.swift; path = Error.swift; sourceTree = "<group>"; };
		138CBC3E21965E2E00015EDC /* CalendarDataSource.swift */ = {isa = PBXFileReference; lastKnownFileType = sourcecode.swift; path = CalendarDataSource.swift; sourceTree = "<group>"; };
		138CBC4021965F3800015EDC /* RestResponseCheckable.swift */ = {isa = PBXFileReference; lastKnownFileType = sourcecode.swift; path = RestResponseCheckable.swift; sourceTree = "<group>"; };
		138CBC432199164800015EDC /* Login.storyboard */ = {isa = PBXFileReference; lastKnownFileType = file.storyboard; path = Login.storyboard; sourceTree = "<group>"; };
		138CBC452199169200015EDC /* ThemeDataSource.swift */ = {isa = PBXFileReference; lastKnownFileType = sourcecode.swift; path = ThemeDataSource.swift; sourceTree = "<group>"; };
		138CBC47219918BB00015EDC /* ProvisioningDataSource.swift */ = {isa = PBXFileReference; lastKnownFileType = sourcecode.swift; path = ProvisioningDataSource.swift; sourceTree = "<group>"; };
		138CBC4A2199262F00015EDC /* CommonImages.swift */ = {isa = PBXFileReference; lastKnownFileType = sourcecode.swift; path = CommonImages.swift; sourceTree = "<group>"; };
		138CBC4C2199321D00015EDC /* ProvisioningViewController.swift */ = {isa = PBXFileReference; lastKnownFileType = sourcecode.swift; path = ProvisioningViewController.swift; sourceTree = "<group>"; };
		138CBC4F219932BF00015EDC /* ProvisioningPresenter.swift */ = {isa = PBXFileReference; lastKnownFileType = sourcecode.swift; path = ProvisioningPresenter.swift; sourceTree = "<group>"; };
		138CBC522199386D00015EDC /* ProvisioningDelgate.swift */ = {isa = PBXFileReference; lastKnownFileType = sourcecode.swift; path = ProvisioningDelgate.swift; sourceTree = "<group>"; };
		138CBC552199E00600015EDC /* Waitable.swift */ = {isa = PBXFileReference; lastKnownFileType = sourcecode.swift; path = Waitable.swift; sourceTree = "<group>"; };
		138CBC582199E2E100015EDC /* String+Extensions.swift */ = {isa = PBXFileReference; fileEncoding = 4; lastKnownFileType = sourcecode.swift; path = "String+Extensions.swift"; sourceTree = "<group>"; };
		138CBC592199E2E100015EDC /* UIColor+Extensions.swift */ = {isa = PBXFileReference; fileEncoding = 4; lastKnownFileType = sourcecode.swift; path = "UIColor+Extensions.swift"; sourceTree = "<group>"; };
		138CBC5A2199E2E100015EDC /* UITextField+Extensions.swift */ = {isa = PBXFileReference; fileEncoding = 4; lastKnownFileType = sourcecode.swift; path = "UITextField+Extensions.swift"; sourceTree = "<group>"; };
		138CBC5B2199E2E100015EDC /* Integer+Extensions.swift */ = {isa = PBXFileReference; fileEncoding = 4; lastKnownFileType = sourcecode.swift; path = "Integer+Extensions.swift"; sourceTree = "<group>"; };
		138CBC5C2199E2E100015EDC /* Data+Extensions.swift */ = {isa = PBXFileReference; fileEncoding = 4; lastKnownFileType = sourcecode.swift; path = "Data+Extensions.swift"; sourceTree = "<group>"; };
		138CBC5D2199E2E200015EDC /* UIApplication+Extensions.swift */ = {isa = PBXFileReference; fileEncoding = 4; lastKnownFileType = sourcecode.swift; path = "UIApplication+Extensions.swift"; sourceTree = "<group>"; };
		138CBC5E2199E2E200015EDC /* UIView+Extensions.swift */ = {isa = PBXFileReference; fileEncoding = 4; lastKnownFileType = sourcecode.swift; path = "UIView+Extensions.swift"; sourceTree = "<group>"; };
		138CBC5F2199E2E200015EDC /* UIScrollView+Extensions.swift */ = {isa = PBXFileReference; fileEncoding = 4; lastKnownFileType = sourcecode.swift; path = "UIScrollView+Extensions.swift"; sourceTree = "<group>"; };
		138CBC602199E2E200015EDC /* UIDevice+Extensions.swift */ = {isa = PBXFileReference; fileEncoding = 4; lastKnownFileType = sourcecode.swift; path = "UIDevice+Extensions.swift"; sourceTree = "<group>"; };
		138CBC612199E2E200015EDC /* UIImage+Extensions.swift */ = {isa = PBXFileReference; fileEncoding = 4; lastKnownFileType = sourcecode.swift; path = "UIImage+Extensions.swift"; sourceTree = "<group>"; };
		138CBC632199E2E200015EDC /* Formatter+Extensions.swift */ = {isa = PBXFileReference; fileEncoding = 4; lastKnownFileType = sourcecode.swift; path = "Formatter+Extensions.swift"; sourceTree = "<group>"; };
		138CBC642199E2E200015EDC /* Date+Extensions.swift */ = {isa = PBXFileReference; fileEncoding = 4; lastKnownFileType = sourcecode.swift; path = "Date+Extensions.swift"; sourceTree = "<group>"; };
		138CBC722199E48100015EDC /* OrientationConfigurable.swift */ = {isa = PBXFileReference; lastKnownFileType = sourcecode.swift; path = OrientationConfigurable.swift; sourceTree = "<group>"; };
		138CBC762199EA2100015EDC /* Engage-Bridging-Header.h */ = {isa = PBXFileReference; lastKnownFileType = sourcecode.c.h; path = "Engage-Bridging-Header.h"; sourceTree = "<group>"; };
		1398257121A9EF7300AE5702 /* CalendarViewController.swift */ = {isa = PBXFileReference; lastKnownFileType = sourcecode.swift; path = CalendarViewController.swift; sourceTree = "<group>"; };
		1398257321A9EF8400AE5702 /* CalendarPresenter.swift */ = {isa = PBXFileReference; lastKnownFileType = sourcecode.swift; path = CalendarPresenter.swift; sourceTree = "<group>"; };
		1398257521A9EF9000AE5702 /* CalendarDelegate.swift */ = {isa = PBXFileReference; lastKnownFileType = sourcecode.swift; path = CalendarDelegate.swift; sourceTree = "<group>"; };
		1398257721A9F83D00AE5702 /* Calendar.storyboard */ = {isa = PBXFileReference; lastKnownFileType = file.storyboard; path = Calendar.storyboard; sourceTree = "<group>"; };
		1398257B21AA362D00AE5702 /* CalendarDetailViewController.swift */ = {isa = PBXFileReference; lastKnownFileType = sourcecode.swift; path = CalendarDetailViewController.swift; sourceTree = "<group>"; };
		1398257D21AA400D00AE5702 /* CalendarDetailDelegate.swift */ = {isa = PBXFileReference; lastKnownFileType = sourcecode.swift; path = CalendarDetailDelegate.swift; sourceTree = "<group>"; };
		1398257F21AA44DE00AE5702 /* CalendarDetailPresenter.swift */ = {isa = PBXFileReference; lastKnownFileType = sourcecode.swift; path = CalendarDetailPresenter.swift; sourceTree = "<group>"; };
		13A8B0CB219A2263003CCFC5 /* Stylable.swift */ = {isa = PBXFileReference; lastKnownFileType = sourcecode.swift; path = Stylable.swift; sourceTree = "<group>"; };
		13A8B0CD219A2449003CCFC5 /* UIButton+Extensions.swift */ = {isa = PBXFileReference; lastKnownFileType = sourcecode.swift; path = "UIButton+Extensions.swift"; sourceTree = "<group>"; };
		13A8B0CF219A27FA003CCFC5 /* ThemeConfigurator.swift */ = {isa = PBXFileReference; lastKnownFileType = sourcecode.swift; path = ThemeConfigurator.swift; sourceTree = "<group>"; };
		13A8B0D1219A2AF4003CCFC5 /* UIImageView+Extensions.swift */ = {isa = PBXFileReference; lastKnownFileType = sourcecode.swift; path = "UIImageView+Extensions.swift"; sourceTree = "<group>"; };
		13A8B0D3219A367C003CCFC5 /* ThemePresenter.swift */ = {isa = PBXFileReference; lastKnownFileType = sourcecode.swift; path = ThemePresenter.swift; sourceTree = "<group>"; };
		13A8B0D5219A4F1D003CCFC5 /* ThemeDelegate.swift */ = {isa = PBXFileReference; lastKnownFileType = sourcecode.swift; path = ThemeDelegate.swift; sourceTree = "<group>"; };
		13A8B0D7219A5794003CCFC5 /* LoginPresenter.swift */ = {isa = PBXFileReference; lastKnownFileType = sourcecode.swift; path = LoginPresenter.swift; sourceTree = "<group>"; };
		13A8B0D9219A57E3003CCFC5 /* LoginDelegate.swift */ = {isa = PBXFileReference; lastKnownFileType = sourcecode.swift; path = LoginDelegate.swift; sourceTree = "<group>"; };
		13A8B0DB219A59E8003CCFC5 /* LoginViewController.swift */ = {isa = PBXFileReference; lastKnownFileType = sourcecode.swift; path = LoginViewController.swift; sourceTree = "<group>"; };
		13A8B0E4219C0E24003CCFC5 /* DrawerTableViewCell.swift */ = {isa = PBXFileReference; lastKnownFileType = sourcecode.swift; path = DrawerTableViewCell.swift; sourceTree = "<group>"; };
		13A8B0E6219C8919003CCFC5 /* WebViewController.swift */ = {isa = PBXFileReference; lastKnownFileType = sourcecode.swift; path = WebViewController.swift; sourceTree = "<group>"; };
		13A8B0E8219C8931003CCFC5 /* WebViewPresenter.swift */ = {isa = PBXFileReference; lastKnownFileType = sourcecode.swift; path = WebViewPresenter.swift; sourceTree = "<group>"; };
		13A8B0EA219C8949003CCFC5 /* WebViewDelegate.swift */ = {isa = PBXFileReference; lastKnownFileType = sourcecode.swift; path = WebViewDelegate.swift; sourceTree = "<group>"; };
		13A8B0EE219C9265003CCFC5 /* ActionHandler.swift */ = {isa = PBXFileReference; lastKnownFileType = sourcecode.swift; path = ActionHandler.swift; sourceTree = "<group>"; };
		13A8B0F0219C989A003CCFC5 /* Web.storyboard */ = {isa = PBXFileReference; lastKnownFileType = file.storyboard; path = Web.storyboard; sourceTree = "<group>"; };
		13A8B0F2219CBE61003CCFC5 /* WKCookieWebView.swift */ = {isa = PBXFileReference; lastKnownFileType = sourcecode.swift; path = WKCookieWebView.swift; sourceTree = "<group>"; };
		13A8B0F4219CF9F5003CCFC5 /* Home.storyboard */ = {isa = PBXFileReference; lastKnownFileType = file.storyboard; path = Home.storyboard; sourceTree = "<group>"; };
		13A8B0F6219CFA17003CCFC5 /* HomePresenter.swift */ = {isa = PBXFileReference; lastKnownFileType = sourcecode.swift; path = HomePresenter.swift; sourceTree = "<group>"; };
		13A8B0F8219CFA27003CCFC5 /* HomeDelegate.swift */ = {isa = PBXFileReference; lastKnownFileType = sourcecode.swift; path = HomeDelegate.swift; sourceTree = "<group>"; };
		13A8B0FA219CFA38003CCFC5 /* HomeViewController.swift */ = {isa = PBXFileReference; lastKnownFileType = sourcecode.swift; path = HomeViewController.swift; sourceTree = "<group>"; };
		13A8B0FC219D0546003CCFC5 /* AssetTableViewCell.swift */ = {isa = PBXFileReference; lastKnownFileType = sourcecode.swift; path = AssetTableViewCell.swift; sourceTree = "<group>"; };
		13A8B0FE219D0570003CCFC5 /* AssetCollectionViewCell.swift */ = {isa = PBXFileReference; lastKnownFileType = sourcecode.swift; path = AssetCollectionViewCell.swift; sourceTree = "<group>"; };
		13D3D6A021BB94C5004608E0 /* postrequest.js */ = {isa = PBXFileReference; lastKnownFileType = sourcecode.javascript; path = postrequest.js; sourceTree = "<group>"; };
		3CA598D839A4524F973C7FF0 /* Pods-Engage.release.xcconfig */ = {isa = PBXFileReference; includeInIndex = 1; lastKnownFileType = text.xcconfig; name = "Pods-Engage.release.xcconfig"; path = "Pods/Target Support Files/Pods-Engage/Pods-Engage.release.xcconfig"; sourceTree = "<group>"; };
		5BDDC33486B8FB1E13793A10 /* Pods-Engage.debug.xcconfig */ = {isa = PBXFileReference; includeInIndex = 1; lastKnownFileType = text.xcconfig; name = "Pods-Engage.debug.xcconfig"; path = "Pods/Target Support Files/Pods-Engage/Pods-Engage.debug.xcconfig"; sourceTree = "<group>"; };
		5CE7EBEFE1975DA3276E9DD3 /* Pods-EngageTests.release.xcconfig */ = {isa = PBXFileReference; includeInIndex = 1; lastKnownFileType = text.xcconfig; name = "Pods-EngageTests.release.xcconfig"; path = "Pods/Target Support Files/Pods-EngageTests/Pods-EngageTests.release.xcconfig"; sourceTree = "<group>"; };
		8224EE2C1EA7386123DCAB2E /* Pods_EngageUITests.framework */ = {isa = PBXFileReference; explicitFileType = wrapper.framework; includeInIndex = 0; path = Pods_EngageUITests.framework; sourceTree = BUILT_PRODUCTS_DIR; };
		91D3FFE013487F476449D44A /* Pods_Engage.framework */ = {isa = PBXFileReference; explicitFileType = wrapper.framework; includeInIndex = 0; path = Pods_Engage.framework; sourceTree = BUILT_PRODUCTS_DIR; };
		B3A137850A16AD3C78F0AE1F /* Pods-EngageTests.debug.xcconfig */ = {isa = PBXFileReference; includeInIndex = 1; lastKnownFileType = text.xcconfig; name = "Pods-EngageTests.debug.xcconfig"; path = "Pods/Target Support Files/Pods-EngageTests/Pods-EngageTests.debug.xcconfig"; sourceTree = "<group>"; };
		EC205C81AF4BA3CA811D35F8 /* Pods-EngageUITests.debug.xcconfig */ = {isa = PBXFileReference; includeInIndex = 1; lastKnownFileType = text.xcconfig; name = "Pods-EngageUITests.debug.xcconfig"; path = "Pods/Target Support Files/Pods-EngageUITests/Pods-EngageUITests.debug.xcconfig"; sourceTree = "<group>"; };
		F479B823E11AA59D5F69AC29 /* Pods_EngageTests.framework */ = {isa = PBXFileReference; explicitFileType = wrapper.framework; includeInIndex = 0; path = Pods_EngageTests.framework; sourceTree = BUILT_PRODUCTS_DIR; };
		F9C93783219B7DBD009C8DAA /* DrawerPresenter.swift */ = {isa = PBXFileReference; lastKnownFileType = sourcecode.swift; path = DrawerPresenter.swift; sourceTree = "<group>"; };
		F9C93785219B7DDE009C8DAA /* DrawerDelegate.swift */ = {isa = PBXFileReference; lastKnownFileType = sourcecode.swift; path = DrawerDelegate.swift; sourceTree = "<group>"; };
		F9C93787219B8052009C8DAA /* UIBarButtonItem+Extensions.swift */ = {isa = PBXFileReference; lastKnownFileType = sourcecode.swift; path = "UIBarButtonItem+Extensions.swift"; sourceTree = "<group>"; };
		F9C93789219B888A009C8DAA /* DrawerNavigation.storyboard */ = {isa = PBXFileReference; lastKnownFileType = file.storyboard; path = DrawerNavigation.storyboard; sourceTree = "<group>"; };
		F9C9378B219B88AA009C8DAA /* DrawerNavigationController.swift */ = {isa = PBXFileReference; lastKnownFileType = sourcecode.swift; path = DrawerNavigationController.swift; sourceTree = "<group>"; };
		F9DFADC3219B3674009F2203 /* AuthenticationDataSource.swift */ = {isa = PBXFileReference; lastKnownFileType = sourcecode.swift; path = AuthenticationDataSource.swift; sourceTree = "<group>"; };
		F9DFADC5219B428D009F2203 /* Shakeable.swift */ = {isa = PBXFileReference; lastKnownFileType = sourcecode.swift; path = Shakeable.swift; sourceTree = "<group>"; };
		F9DFADC7219B6576009F2203 /* Drawer.storyboard */ = {isa = PBXFileReference; lastKnownFileType = file.storyboard; path = Drawer.storyboard; sourceTree = "<group>"; };
		F9DFADC9219B66CC009F2203 /* DrawerViewController.swift */ = {isa = PBXFileReference; lastKnownFileType = sourcecode.swift; path = DrawerViewController.swift; sourceTree = "<group>"; };
		F9DFADCB219B6749009F2203 /* Containerable.swift */ = {isa = PBXFileReference; lastKnownFileType = sourcecode.swift; path = Containerable.swift; sourceTree = "<group>"; };
/* End PBXFileReference section */

/* Begin PBXFrameworksBuildPhase section */
		138CBBDC219240EB00015EDC /* Frameworks */ = {
			isa = PBXFrameworksBuildPhase;
			buildActionMask = 2147483647;
			files = (
				7C71D6450D8B3712714FFD5D /* Pods_Engage.framework in Frameworks */,
			);
			runOnlyForDeploymentPostprocessing = 0;
		};
		138CBBF4219240ED00015EDC /* Frameworks */ = {
			isa = PBXFrameworksBuildPhase;
			buildActionMask = 2147483647;
			files = (
				78CD6E2075C0602E1E9E24DE /* Pods_EngageTests.framework in Frameworks */,
			);
			runOnlyForDeploymentPostprocessing = 0;
		};
		138CBBFF219240ED00015EDC /* Frameworks */ = {
			isa = PBXFrameworksBuildPhase;
			buildActionMask = 2147483647;
			files = (
				57EFED75A364F1AC1E1D37CA /* Pods_EngageUITests.framework in Frameworks */,
			);
			runOnlyForDeploymentPostprocessing = 0;
		};
/* End PBXFrameworksBuildPhase section */

/* Begin PBXGroup section */
		130A589521A2056B00D693B4 /* Helpers */ = {
			isa = PBXGroup;
			children = (
				130A589621A2058500D693B4 /* TypeWrapper.swift */,
				130A589A21A25B5500D693B4 /* MimeHelper.swift */,
			);
			path = Helpers;
			sourceTree = "<group>";
		};
		134805E321A528CB00AF9BAF /* Resources */ = {
			isa = PBXGroup;
			children = (
				134805E421A528E900AF9BAF /* Mime-Mapping.plist */,
				13D3D6A021BB94C5004608E0 /* postrequest.js */,
			);
			path = Resources;
			sourceTree = "<group>";
		};
		138CBBD6219240EB00015EDC = {
			isa = PBXGroup;
			children = (
				138CBBE1219240EB00015EDC /* Engage */,
				138CBBFA219240ED00015EDC /* EngageTests */,
				138CBC05219240ED00015EDC /* EngageUITests */,
				138CBBE0219240EB00015EDC /* Products */,
				297901B434E32BF0A118F85A /* Pods */,
				17738C029FAD1D2FDE838AFC /* Frameworks */,
			);
			sourceTree = "<group>";
		};
		138CBBE0219240EB00015EDC /* Products */ = {
			isa = PBXGroup;
			children = (
				138CBBDF219240EB00015EDC /* Engage.app */,
				138CBBF7219240ED00015EDC /* EngageTests.xctest */,
				138CBC02219240ED00015EDC /* EngageUITests.xctest */,
			);
			name = Products;
			sourceTree = "<group>";
		};
		138CBBE1219240EB00015EDC /* Engage */ = {
			isa = PBXGroup;
			children = (
				13796D8021B4DA91008FCA13 /* Engage.entitlements */,
				138CBC762199EA2100015EDC /* Engage-Bridging-Header.h */,
				13796D7C21B4A12A008FCA13 /* GoogleService-Info.plist */,
				138CBBF2219240ED00015EDC /* Info.plist */,
				138CBBED219240ED00015EDC /* Assets.xcassets */,
				138CBC27219251D700015EDC /* Application */,
				13A8B100219E4587003CCFC5 /* Cache */,
				138CBC202192479100015EDC /* Common */,
				138CBC372195FEDF00015EDC /* DataSources */,
				138CBC572199E2C200015EDC /* Extensions */,
				130A589521A2056B00D693B4 /* Helpers */,
				138CBC142192410D00015EDC /* Model */,
				138CBC152192411500015EDC /* Networking */,
				138CBC51219937B800015EDC /* PresenterDelegates */,
				138CBC4E219932A800015EDC /* Presenters */,
				138CBC542199DFF400015EDC /* Protocols */,
				134805E321A528CB00AF9BAF /* Resources */,
				138CBC42219915FF00015EDC /* Storyboards */,
				138CBC2A219252DA00015EDC /* User */,
				138CBC492199251700015EDC /* ViewControllers */,
				13A8B0E3219C0D9F003CCFC5 /* Views */,
			);
			path = Engage;
			sourceTree = "<group>";
		};
		138CBBFA219240ED00015EDC /* EngageTests */ = {
			isa = PBXGroup;
			children = (
				138CBBFB219240ED00015EDC /* EngageTests.swift */,
				138CBBFD219240ED00015EDC /* Info.plist */,
			);
			path = EngageTests;
			sourceTree = "<group>";
		};
		138CBC05219240ED00015EDC /* EngageUITests */ = {
			isa = PBXGroup;
			children = (
				138CBC06219240ED00015EDC /* EngageUITests.swift */,
				138CBC08219240ED00015EDC /* Info.plist */,
			);
			path = EngageUITests;
			sourceTree = "<group>";
		};
		138CBC142192410D00015EDC /* Model */ = {
			isa = PBXGroup;
			children = (
				138CBC182192435900015EDC /* Calendar.swift */,
				138CBC162192415900015EDC /* Portal.swift */,
				138CBC1E219244B300015EDC /* Profile.swift */,
				138CBC1C2192446C00015EDC /* Provision.swift */,
				138CBC1A219243AF00015EDC /* Theme.swift */,
			);
			path = Model;
			sourceTree = "<group>";
		};
		138CBC152192411500015EDC /* Networking */ = {
			isa = PBXGroup;
			children = (
				138CBC2D219555CD00015EDC /* Request.swift */,
				138CBC352195E00F00015EDC /* RequestTaskManager.swift */,
			);
			path = Networking;
			sourceTree = "<group>";
		};
		138CBC202192479100015EDC /* Common */ = {
			isa = PBXGroup;
			children = (
				138CBC4A2199262F00015EDC /* CommonImages.swift */,
				138CBC332195637700015EDC /* CommonProperties.swift */,
				138CBC3C219635B700015EDC /* Error.swift */,
				138CBC3A2196186E00015EDC /* Log.swift */,
				138CBC21219247AD00015EDC /* PropertyManager.swift */,
			);
			path = Common;
			sourceTree = "<group>";
		};
		138CBC27219251D700015EDC /* Application */ = {
			isa = PBXGroup;
			children = (
				13A8B0EE219C9265003CCFC5 /* ActionHandler.swift */,
				138CBC28219251FF00015EDC /* AppConfigurator.swift */,
				138CBBE2219240EB00015EDC /* AppDelegate.swift */,
				13A8B0CF219A27FA003CCFC5 /* ThemeConfigurator.swift */,
			);
			path = Application;
			sourceTree = "<group>";
		};
		138CBC2A219252DA00015EDC /* User */ = {
			isa = PBXGroup;
			children = (
				138CBC2B219252E700015EDC /* UserData.swift */,
			);
			path = User;
			sourceTree = "<group>";
		};
		138CBC372195FEDF00015EDC /* DataSources */ = {
			isa = PBXGroup;
			children = (
				F9DFADC3219B3674009F2203 /* AuthenticationDataSource.swift */,
				138CBC3E21965E2E00015EDC /* CalendarDataSource.swift */,
				138CBC382195FF0000015EDC /* PortalDataSource.swift */,
				138CBC47219918BB00015EDC /* ProvisioningDataSource.swift */,
				138CBC4021965F3800015EDC /* RestResponseCheckable.swift */,
				138CBC452199169200015EDC /* ThemeDataSource.swift */,
				13497E7E21A4B6BE00DDE195 /* AssetFileDataSource.swift */,
			);
			path = DataSources;
			sourceTree = "<group>";
		};
		138CBC42219915FF00015EDC /* Storyboards */ = {
			isa = PBXGroup;
			children = (
				F9DFADC7219B6576009F2203 /* Drawer.storyboard */,
				F9C93789219B888A009C8DAA /* DrawerNavigation.storyboard */,
				13A8B0F4219CF9F5003CCFC5 /* Home.storyboard */,
				138CBBEF219240ED00015EDC /* LaunchScreen.storyboard */,
				138CBC432199164800015EDC /* Login.storyboard */,
				13A8B0F0219C989A003CCFC5 /* Web.storyboard */,
				134805E821A6030800AF9BAF /* Inbox.storyboard */,
				1398257721A9F83D00AE5702 /* Calendar.storyboard */,
				13796D8321B50FD8008FCA13 /* Support.storyboard */,
			);
			path = Storyboards;
			sourceTree = "<group>";
		};
		138CBC492199251700015EDC /* ViewControllers */ = {
			isa = PBXGroup;
			children = (
				F9C9378B219B88AA009C8DAA /* DrawerNavigationController.swift */,
				F9DFADC9219B66CC009F2203 /* DrawerViewController.swift */,
				13A8B0FA219CFA38003CCFC5 /* HomeViewController.swift */,
				13A8B0DB219A59E8003CCFC5 /* LoginViewController.swift */,
				138CBC4C2199321D00015EDC /* ProvisioningViewController.swift */,
				13A8B0E6219C8919003CCFC5 /* WebViewController.swift */,
				134805E621A551AB00AF9BAF /* RootNavigationController.swift */,
				134805EA21A6032800AF9BAF /* InboxViewController.swift */,
				134805F621A7375300AF9BAF /* InboxDetailViewController.swift */,
				1398257121A9EF7300AE5702 /* CalendarViewController.swift */,
				1398257B21AA362D00AE5702 /* CalendarDetailViewController.swift */,
				13796D8121B4DBDC008FCA13 /* EngageViewController.swift */,
				13796D8921B51164008FCA13 /* SupportViewController.swift */,
			);
			path = ViewControllers;
			sourceTree = "<group>";
		};
		138CBC4E219932A800015EDC /* Presenters */ = {
			isa = PBXGroup;
			children = (
				F9C93783219B7DBD009C8DAA /* DrawerPresenter.swift */,
				13A8B0F6219CFA17003CCFC5 /* HomePresenter.swift */,
				13A8B0D7219A5794003CCFC5 /* LoginPresenter.swift */,
				138CBC4F219932BF00015EDC /* ProvisioningPresenter.swift */,
				13A8B0D3219A367C003CCFC5 /* ThemePresenter.swift */,
				13A8B0E8219C8931003CCFC5 /* WebViewPresenter.swift */,
				134805EC21A6033900AF9BAF /* InboxPresenter.swift */,
				134805F221A7353C00AF9BAF /* InboxDetailPresenter.swift */,
				1398257321A9EF8400AE5702 /* CalendarPresenter.swift */,
				1398257F21AA44DE00AE5702 /* CalendarDetailPresenter.swift */,
				13796D8521B510C2008FCA13 /* SupportPresenter.swift */,
			);
			path = Presenters;
			sourceTree = "<group>";
		};
		138CBC51219937B800015EDC /* PresenterDelegates */ = {
			isa = PBXGroup;
			children = (
				F9C93785219B7DDE009C8DAA /* DrawerDelegate.swift */,
				13A8B0F8219CFA27003CCFC5 /* HomeDelegate.swift */,
				13A8B0D9219A57E3003CCFC5 /* LoginDelegate.swift */,
				138CBC522199386D00015EDC /* ProvisioningDelgate.swift */,
				13A8B0D5219A4F1D003CCFC5 /* ThemeDelegate.swift */,
				13A8B0EA219C8949003CCFC5 /* WebViewDelegate.swift */,
				134805EE21A6034400AF9BAF /* InboxDelegate.swift */,
				134805F421A736EE00AF9BAF /* InboxDetailDelegate.swift */,
				1398257521A9EF9000AE5702 /* CalendarDelegate.swift */,
				1398257D21AA400D00AE5702 /* CalendarDetailDelegate.swift */,
				13796D8721B510D1008FCA13 /* SupportDelegate.swift */,
			);
			path = PresenterDelegates;
			sourceTree = "<group>";
		};
		138CBC542199DFF400015EDC /* Protocols */ = {
			isa = PBXGroup;
			children = (
				13796D7E21B4CFD1008FCA13 /* Notifiable.swift */,
				130A589321A1EB7E00D693B4 /* Cacheable.swift */,
				F9DFADCB219B6749009F2203 /* Containerable.swift */,
				138CBC722199E48100015EDC /* OrientationConfigurable.swift */,
				F9DFADC5219B428D009F2203 /* Shakeable.swift */,
				13A8B0CB219A2263003CCFC5 /* Stylable.swift */,
				138CBC552199E00600015EDC /* Waitable.swift */,
				13796D7A21AE4410008FCA13 /* Shareable.swift */,
			);
			path = Protocols;
			sourceTree = "<group>";
		};
		138CBC572199E2C200015EDC /* Extensions */ = {
			isa = PBXGroup;
			children = (
				1321751621B7C9C300966B92 /* FileManager+Extensions.swift */,
				138CBC5C2199E2E100015EDC /* Data+Extensions.swift */,
				138CBC642199E2E200015EDC /* Date+Extensions.swift */,
				138CBC632199E2E200015EDC /* Formatter+Extensions.swift */,
				138CBC5B2199E2E100015EDC /* Integer+Extensions.swift */,
				138CBC582199E2E100015EDC /* String+Extensions.swift */,
				138CBC5D2199E2E200015EDC /* UIApplication+Extensions.swift */,
				F9C93787219B8052009C8DAA /* UIBarButtonItem+Extensions.swift */,
				13A8B0CD219A2449003CCFC5 /* UIButton+Extensions.swift */,
				138CBC592199E2E100015EDC /* UIColor+Extensions.swift */,
				138CBC602199E2E200015EDC /* UIDevice+Extensions.swift */,
				138CBC612199E2E200015EDC /* UIImage+Extensions.swift */,
				13A8B0D1219A2AF4003CCFC5 /* UIImageView+Extensions.swift */,
				138CBC5F2199E2E200015EDC /* UIScrollView+Extensions.swift */,
				138CBC5A2199E2E100015EDC /* UITextField+Extensions.swift */,
				138CBC5E2199E2E200015EDC /* UIView+Extensions.swift */,
			);
			path = Extensions;
			sourceTree = "<group>";
		};
		13A8B0E3219C0D9F003CCFC5 /* Views */ = {
			isa = PBXGroup;
			children = (
				13A8B0FE219D0570003CCFC5 /* AssetCollectionViewCell.swift */,
				13A8B0FC219D0546003CCFC5 /* AssetTableViewCell.swift */,
				13A8B0E4219C0E24003CCFC5 /* DrawerTableViewCell.swift */,
				13A8B0F2219CBE61003CCFC5 /* WKCookieWebView.swift */,
				134805F021A6050600AF9BAF /* InboxTableViewCell.swift */,
			);
			path = Views;
			sourceTree = "<group>";
		};
		13A8B100219E4587003CCFC5 /* Cache */ = {
			isa = PBXGroup;
			children = (
				130A588D21A1E36300D693B4 /* Cache.swift */,
				130A588F21A1E36E00D693B4 /* DiskCache.swift */,
				130A589121A1E37F00D693B4 /* SharedCache.swift */,
				130A589821A20E3B00D693B4 /* ImageCache.swift */,
			);
			path = Cache;
			sourceTree = "<group>";
		};
		17738C029FAD1D2FDE838AFC /* Frameworks */ = {
			isa = PBXGroup;
			children = (
				91D3FFE013487F476449D44A /* Pods_Engage.framework */,
				F479B823E11AA59D5F69AC29 /* Pods_EngageTests.framework */,
				8224EE2C1EA7386123DCAB2E /* Pods_EngageUITests.framework */,
			);
			name = Frameworks;
			sourceTree = "<group>";
		};
		297901B434E32BF0A118F85A /* Pods */ = {
			isa = PBXGroup;
			children = (
				5BDDC33486B8FB1E13793A10 /* Pods-Engage.debug.xcconfig */,
				3CA598D839A4524F973C7FF0 /* Pods-Engage.release.xcconfig */,
				B3A137850A16AD3C78F0AE1F /* Pods-EngageTests.debug.xcconfig */,
				5CE7EBEFE1975DA3276E9DD3 /* Pods-EngageTests.release.xcconfig */,
				EC205C81AF4BA3CA811D35F8 /* Pods-EngageUITests.debug.xcconfig */,
				08DC33DB7D0BE11A4E0A761F /* Pods-EngageUITests.release.xcconfig */,
			);
			name = Pods;
			sourceTree = "<group>";
		};
/* End PBXGroup section */

/* Begin PBXNativeTarget section */
		138CBBDE219240EB00015EDC /* Engage */ = {
			isa = PBXNativeTarget;
			buildConfigurationList = 138CBC0B219240ED00015EDC /* Build configuration list for PBXNativeTarget "Engage" */;
			buildPhases = (
				544A1C931A4342D3668B891D /* [CP] Check Pods Manifest.lock */,
				138CBBDB219240EB00015EDC /* Sources */,
				138CBBDC219240EB00015EDC /* Frameworks */,
				138CBBDD219240EB00015EDC /* Resources */,
				3DC916E6F1C42B45320F6C52 /* [CP] Embed Pods Frameworks */,
			);
			buildRules = (
			);
			dependencies = (
			);
			name = Engage;
			productName = Engage;
			productReference = 138CBBDF219240EB00015EDC /* Engage.app */;
			productType = "com.apple.product-type.application";
		};
		138CBBF6219240ED00015EDC /* EngageTests */ = {
			isa = PBXNativeTarget;
			buildConfigurationList = 138CBC0E219240ED00015EDC /* Build configuration list for PBXNativeTarget "EngageTests" */;
			buildPhases = (
				08ED68D598BF57A5F5424AAC /* [CP] Check Pods Manifest.lock */,
				138CBBF3219240ED00015EDC /* Sources */,
				138CBBF4219240ED00015EDC /* Frameworks */,
				138CBBF5219240ED00015EDC /* Resources */,
			);
			buildRules = (
			);
			dependencies = (
				138CBBF9219240ED00015EDC /* PBXTargetDependency */,
			);
			name = EngageTests;
			productName = EngageTests;
			productReference = 138CBBF7219240ED00015EDC /* EngageTests.xctest */;
			productType = "com.apple.product-type.bundle.unit-test";
		};
		138CBC01219240ED00015EDC /* EngageUITests */ = {
			isa = PBXNativeTarget;
			buildConfigurationList = 138CBC11219240ED00015EDC /* Build configuration list for PBXNativeTarget "EngageUITests" */;
			buildPhases = (
				DBB249A95E8EE73D618FBD35 /* [CP] Check Pods Manifest.lock */,
				138CBBFE219240ED00015EDC /* Sources */,
				138CBBFF219240ED00015EDC /* Frameworks */,
				138CBC00219240ED00015EDC /* Resources */,
			);
			buildRules = (
			);
			dependencies = (
				138CBC04219240ED00015EDC /* PBXTargetDependency */,
			);
			name = EngageUITests;
			productName = EngageUITests;
			productReference = 138CBC02219240ED00015EDC /* EngageUITests.xctest */;
			productType = "com.apple.product-type.bundle.ui-testing";
		};
/* End PBXNativeTarget section */

/* Begin PBXProject section */
		138CBBD7219240EB00015EDC /* Project object */ = {
			isa = PBXProject;
			attributes = {
				LastSwiftUpdateCheck = 1010;
				LastUpgradeCheck = 1010;
				ORGANIZATIONNAME = PerpetuityMD;
				TargetAttributes = {
					138CBBDE219240EB00015EDC = {
						CreatedOnToolsVersion = 10.1;
						SystemCapabilities = {
							com.apple.Push = {
								enabled = 1;
							};
						};
					};
					138CBBF6219240ED00015EDC = {
						CreatedOnToolsVersion = 10.1;
						TestTargetID = 138CBBDE219240EB00015EDC;
					};
					138CBC01219240ED00015EDC = {
						CreatedOnToolsVersion = 10.1;
						TestTargetID = 138CBBDE219240EB00015EDC;
					};
				};
			};
			buildConfigurationList = 138CBBDA219240EB00015EDC /* Build configuration list for PBXProject "Engage" */;
			compatibilityVersion = "Xcode 9.3";
			developmentRegion = en;
			hasScannedForEncodings = 0;
			knownRegions = (
				en,
				Base,
			);
			mainGroup = 138CBBD6219240EB00015EDC;
			productRefGroup = 138CBBE0219240EB00015EDC /* Products */;
			projectDirPath = "";
			projectRoot = "";
			targets = (
				138CBBDE219240EB00015EDC /* Engage */,
				138CBBF6219240ED00015EDC /* EngageTests */,
				138CBC01219240ED00015EDC /* EngageUITests */,
			);
		};
/* End PBXProject section */

/* Begin PBXResourcesBuildPhase section */
		138CBBDD219240EB00015EDC /* Resources */ = {
			isa = PBXResourcesBuildPhase;
			buildActionMask = 2147483647;
			files = (
				138CBC442199164800015EDC /* Login.storyboard in Resources */,
				F9C9378A219B888A009C8DAA /* DrawerNavigation.storyboard in Resources */,
				134805E921A6030800AF9BAF /* Inbox.storyboard in Resources */,
				138CBBF1219240ED00015EDC /* LaunchScreen.storyboard in Resources */,
				F9DFADC8219B6576009F2203 /* Drawer.storyboard in Resources */,
				13D3D6A121BB94C5004608E0 /* postrequest.js in Resources */,
				13A8B0F1219C989A003CCFC5 /* Web.storyboard in Resources */,
				134805E521A528E900AF9BAF /* Mime-Mapping.plist in Resources */,
				138CBBEE219240ED00015EDC /* Assets.xcassets in Resources */,
				13796D7D21B4A12A008FCA13 /* GoogleService-Info.plist in Resources */,
				1398257821A9F83D00AE5702 /* Calendar.storyboard in Resources */,
				13796D8421B50FD8008FCA13 /* Support.storyboard in Resources */,
				13A8B0F5219CF9F5003CCFC5 /* Home.storyboard in Resources */,
			);
			runOnlyForDeploymentPostprocessing = 0;
		};
		138CBBF5219240ED00015EDC /* Resources */ = {
			isa = PBXResourcesBuildPhase;
			buildActionMask = 2147483647;
			files = (
			);
			runOnlyForDeploymentPostprocessing = 0;
		};
		138CBC00219240ED00015EDC /* Resources */ = {
			isa = PBXResourcesBuildPhase;
			buildActionMask = 2147483647;
			files = (
			);
			runOnlyForDeploymentPostprocessing = 0;
		};
/* End PBXResourcesBuildPhase section */

/* Begin PBXShellScriptBuildPhase section */
		08ED68D598BF57A5F5424AAC /* [CP] Check Pods Manifest.lock */ = {
			isa = PBXShellScriptBuildPhase;
			buildActionMask = 2147483647;
			files = (
			);
			inputPaths = (
				"${PODS_PODFILE_DIR_PATH}/Podfile.lock",
				"${PODS_ROOT}/Manifest.lock",
			);
			name = "[CP] Check Pods Manifest.lock";
			outputPaths = (
				"$(DERIVED_FILE_DIR)/Pods-EngageTests-checkManifestLockResult.txt",
			);
			runOnlyForDeploymentPostprocessing = 0;
			shellPath = /bin/sh;
			shellScript = "diff \"${PODS_PODFILE_DIR_PATH}/Podfile.lock\" \"${PODS_ROOT}/Manifest.lock\" > /dev/null\nif [ $? != 0 ] ; then\n    # print error to STDERR\n    echo \"error: The sandbox is not in sync with the Podfile.lock. Run 'pod install' or update your CocoaPods installation.\" >&2\n    exit 1\nfi\n# This output is used by Xcode 'outputs' to avoid re-running this script phase.\necho \"SUCCESS\" > \"${SCRIPT_OUTPUT_FILE_0}\"\n";
			showEnvVarsInLog = 0;
		};
		3DC916E6F1C42B45320F6C52 /* [CP] Embed Pods Frameworks */ = {
			isa = PBXShellScriptBuildPhase;
			buildActionMask = 2147483647;
			files = (
			);
			inputPaths = (
				"${SRCROOT}/Pods/Target Support Files/Pods-Engage/Pods-Engage-frameworks.sh",
				"${BUILT_PRODUCTS_DIR}/CalendarKit/CalendarKit.framework",
				"${BUILT_PRODUCTS_DIR}/DateToolsSwift/DateToolsSwift.framework",
				"${BUILT_PRODUCTS_DIR}/GoogleUtilities/GoogleUtilities.framework",
				"${BUILT_PRODUCTS_DIR}/Neon/Neon.framework",
				"${BUILT_PRODUCTS_DIR}/Protobuf/Protobuf.framework",
				"${BUILT_PRODUCTS_DIR}/nanopb/nanopb.framework",
			);
			name = "[CP] Embed Pods Frameworks";
			outputPaths = (
				"${TARGET_BUILD_DIR}/${FRAMEWORKS_FOLDER_PATH}/CalendarKit.framework",
				"${TARGET_BUILD_DIR}/${FRAMEWORKS_FOLDER_PATH}/DateToolsSwift.framework",
				"${TARGET_BUILD_DIR}/${FRAMEWORKS_FOLDER_PATH}/GoogleUtilities.framework",
				"${TARGET_BUILD_DIR}/${FRAMEWORKS_FOLDER_PATH}/Neon.framework",
				"${TARGET_BUILD_DIR}/${FRAMEWORKS_FOLDER_PATH}/Protobuf.framework",
				"${TARGET_BUILD_DIR}/${FRAMEWORKS_FOLDER_PATH}/nanopb.framework",
			);
			runOnlyForDeploymentPostprocessing = 0;
			shellPath = /bin/sh;
			shellScript = "\"${SRCROOT}/Pods/Target Support Files/Pods-Engage/Pods-Engage-frameworks.sh\"\n";
			showEnvVarsInLog = 0;
		};
		544A1C931A4342D3668B891D /* [CP] Check Pods Manifest.lock */ = {
			isa = PBXShellScriptBuildPhase;
			buildActionMask = 2147483647;
			files = (
			);
			inputPaths = (
				"${PODS_PODFILE_DIR_PATH}/Podfile.lock",
				"${PODS_ROOT}/Manifest.lock",
			);
			name = "[CP] Check Pods Manifest.lock";
			outputPaths = (
				"$(DERIVED_FILE_DIR)/Pods-Engage-checkManifestLockResult.txt",
			);
			runOnlyForDeploymentPostprocessing = 0;
			shellPath = /bin/sh;
			shellScript = "diff \"${PODS_PODFILE_DIR_PATH}/Podfile.lock\" \"${PODS_ROOT}/Manifest.lock\" > /dev/null\nif [ $? != 0 ] ; then\n    # print error to STDERR\n    echo \"error: The sandbox is not in sync with the Podfile.lock. Run 'pod install' or update your CocoaPods installation.\" >&2\n    exit 1\nfi\n# This output is used by Xcode 'outputs' to avoid re-running this script phase.\necho \"SUCCESS\" > \"${SCRIPT_OUTPUT_FILE_0}\"\n";
			showEnvVarsInLog = 0;
		};
		DBB249A95E8EE73D618FBD35 /* [CP] Check Pods Manifest.lock */ = {
			isa = PBXShellScriptBuildPhase;
			buildActionMask = 2147483647;
			files = (
			);
			inputPaths = (
				"${PODS_PODFILE_DIR_PATH}/Podfile.lock",
				"${PODS_ROOT}/Manifest.lock",
			);
			name = "[CP] Check Pods Manifest.lock";
			outputPaths = (
				"$(DERIVED_FILE_DIR)/Pods-EngageUITests-checkManifestLockResult.txt",
			);
			runOnlyForDeploymentPostprocessing = 0;
			shellPath = /bin/sh;
			shellScript = "diff \"${PODS_PODFILE_DIR_PATH}/Podfile.lock\" \"${PODS_ROOT}/Manifest.lock\" > /dev/null\nif [ $? != 0 ] ; then\n    # print error to STDERR\n    echo \"error: The sandbox is not in sync with the Podfile.lock. Run 'pod install' or update your CocoaPods installation.\" >&2\n    exit 1\nfi\n# This output is used by Xcode 'outputs' to avoid re-running this script phase.\necho \"SUCCESS\" > \"${SCRIPT_OUTPUT_FILE_0}\"\n";
			showEnvVarsInLog = 0;
		};
/* End PBXShellScriptBuildPhase section */

/* Begin PBXSourcesBuildPhase section */
		138CBBDB219240EB00015EDC /* Sources */ = {
			isa = PBXSourcesBuildPhase;
			buildActionMask = 2147483647;
			files = (
				134805F321A7353C00AF9BAF /* InboxDetailPresenter.swift in Sources */,
				138CBC6E2199E2E200015EDC /* UIImage+Extensions.swift in Sources */,
				13A8B0CE219A2449003CCFC5 /* UIButton+Extensions.swift in Sources */,
				13A8B0D2219A2AF4003CCFC5 /* UIImageView+Extensions.swift in Sources */,
				13796D7F21B4CFD1008FCA13 /* Notifiable.swift in Sources */,
				138CBC50219932BF00015EDC /* ProvisioningPresenter.swift in Sources */,
				130A589721A2058500D693B4 /* TypeWrapper.swift in Sources */,
				F9DFADCC219B6749009F2203 /* Containerable.swift in Sources */,
				130A589021A1E36E00D693B4 /* DiskCache.swift in Sources */,
				13A8B0FB219CFA38003CCFC5 /* HomeViewController.swift in Sources */,
				13A8B0F3219CBE61003CCFC5 /* WKCookieWebView.swift in Sources */,
				13A8B0E5219C0E24003CCFC5 /* DrawerTableViewCell.swift in Sources */,
				138CBC2C219252E700015EDC /* UserData.swift in Sources */,
				138CBC342195637700015EDC /* CommonProperties.swift in Sources */,
				1398257C21AA362D00AE5702 /* CalendarDetailViewController.swift in Sources */,
				138CBC672199E2E200015EDC /* UITextField+Extensions.swift in Sources */,
				F9C93788219B8052009C8DAA /* UIBarButtonItem+Extensions.swift in Sources */,
				138CBC462199169200015EDC /* ThemeDataSource.swift in Sources */,
				F9C93784219B7DBD009C8DAA /* DrawerPresenter.swift in Sources */,
				138CBC6D2199E2E200015EDC /* UIDevice+Extensions.swift in Sources */,
				134805EF21A6034400AF9BAF /* InboxDelegate.swift in Sources */,
				138CBC692199E2E200015EDC /* Data+Extensions.swift in Sources */,
				138CBC732199E48100015EDC /* OrientationConfigurable.swift in Sources */,
				138CBC6B2199E2E200015EDC /* UIView+Extensions.swift in Sources */,
				F9C9378C219B88AA009C8DAA /* DrawerNavigationController.swift in Sources */,
				138CBC48219918BB00015EDC /* ProvisioningDataSource.swift in Sources */,
				138CBC172192415900015EDC /* Portal.swift in Sources */,
				13A8B0DC219A59E8003CCFC5 /* LoginViewController.swift in Sources */,
				1398257621A9EF9000AE5702 /* CalendarDelegate.swift in Sources */,
				138CBC662199E2E200015EDC /* UIColor+Extensions.swift in Sources */,
				130A589421A1EB7E00D693B4 /* Cacheable.swift in Sources */,
				138CBC192192435900015EDC /* Calendar.swift in Sources */,
				138CBC22219247AD00015EDC /* PropertyManager.swift in Sources */,
				138CBC702199E2E200015EDC /* Formatter+Extensions.swift in Sources */,
				13796D8621B510C2008FCA13 /* SupportPresenter.swift in Sources */,
				13497E7F21A4B6BE00DDE195 /* AssetFileDataSource.swift in Sources */,
				138CBC6A2199E2E200015EDC /* UIApplication+Extensions.swift in Sources */,
				138CBC682199E2E200015EDC /* Integer+Extensions.swift in Sources */,
				138CBC652199E2E200015EDC /* String+Extensions.swift in Sources */,
				F9DFADC4219B3674009F2203 /* AuthenticationDataSource.swift in Sources */,
				130A589221A1E37F00D693B4 /* SharedCache.swift in Sources */,
				13A8B0E9219C8931003CCFC5 /* WebViewPresenter.swift in Sources */,
				138CBC562199E00600015EDC /* Waitable.swift in Sources */,
				13A8B0EB219C8949003CCFC5 /* WebViewDelegate.swift in Sources */,
				138CBC362195E00F00015EDC /* RequestTaskManager.swift in Sources */,
				138CBC3F21965E2E00015EDC /* CalendarDataSource.swift in Sources */,
				138CBC4D2199321D00015EDC /* ProvisioningViewController.swift in Sources */,
				138CBC4B2199262F00015EDC /* CommonImages.swift in Sources */,
				13796D8A21B51164008FCA13 /* SupportViewController.swift in Sources */,
				138CBC532199386D00015EDC /* ProvisioningDelgate.swift in Sources */,
				138CBC1D2192446C00015EDC /* Provision.swift in Sources */,
				130A589B21A25B5500D693B4 /* MimeHelper.swift in Sources */,
				138CBC3B2196186E00015EDC /* Log.swift in Sources */,
				1398257421A9EF8400AE5702 /* CalendarPresenter.swift in Sources */,
				13A8B0FF219D0570003CCFC5 /* AssetCollectionViewCell.swift in Sources */,
				F9C93786219B7DDE009C8DAA /* DrawerDelegate.swift in Sources */,
				F9DFADC6219B428D009F2203 /* Shakeable.swift in Sources */,
				134805F121A6050600AF9BAF /* InboxTableViewCell.swift in Sources */,
				138CBBE3219240EB00015EDC /* AppDelegate.swift in Sources */,
				13A8B0E7219C8919003CCFC5 /* WebViewController.swift in Sources */,
				134805F521A736EE00AF9BAF /* InboxDetailDelegate.swift in Sources */,
				138CBC6C2199E2E200015EDC /* UIScrollView+Extensions.swift in Sources */,
				134805ED21A6033900AF9BAF /* InboxPresenter.swift in Sources */,
				13A8B0DA219A57E3003CCFC5 /* LoginDelegate.swift in Sources */,
				134805E721A551AB00AF9BAF /* RootNavigationController.swift in Sources */,
				138CBC4121965F3800015EDC /* RestResponseCheckable.swift in Sources */,
				1398257E21AA400D00AE5702 /* CalendarDetailDelegate.swift in Sources */,
				134805EB21A6032800AF9BAF /* InboxViewController.swift in Sources */,
				138CBC712199E2E200015EDC /* Date+Extensions.swift in Sources */,
				134805F721A7375300AF9BAF /* InboxDetailViewController.swift in Sources */,
				13A8B0D8219A5794003CCFC5 /* LoginPresenter.swift in Sources */,
				138CBC29219251FF00015EDC /* AppConfigurator.swift in Sources */,
				13A8B0F7219CFA17003CCFC5 /* HomePresenter.swift in Sources */,
				13A8B0D0219A27FA003CCFC5 /* ThemeConfigurator.swift in Sources */,
				13A8B0D6219A4F1D003CCFC5 /* ThemeDelegate.swift in Sources */,
				130A588E21A1E36300D693B4 /* Cache.swift in Sources */,
				138CBC1F219244B300015EDC /* Profile.swift in Sources */,
				13A8B0FD219D0546003CCFC5 /* AssetTableViewCell.swift in Sources */,
				1398257221A9EF7300AE5702 /* CalendarViewController.swift in Sources */,
				1321751721B7C9C300966B92 /* FileManager+Extensions.swift in Sources */,
				13796D8221B4DBDC008FCA13 /* EngageViewController.swift in Sources */,
				13796D7B21AE4410008FCA13 /* Shareable.swift in Sources */,
				13A8B0CC219A2263003CCFC5 /* Stylable.swift in Sources */,
				138CBC2E219555CD00015EDC /* Request.swift in Sources */,
				13796D8821B510D1008FCA13 /* SupportDelegate.swift in Sources */,
				13A8B0F9219CFA27003CCFC5 /* HomeDelegate.swift in Sources */,
				138CBC392195FF0000015EDC /* PortalDataSource.swift in Sources */,
				130A589921A20E3B00D693B4 /* ImageCache.swift in Sources */,
				13A8B0D4219A367C003CCFC5 /* ThemePresenter.swift in Sources */,
				138CBC3D219635B700015EDC /* Error.swift in Sources */,
				F9DFADCA219B66CC009F2203 /* DrawerViewController.swift in Sources */,
				1398258021AA44DE00AE5702 /* CalendarDetailPresenter.swift in Sources */,
				138CBC1B219243AF00015EDC /* Theme.swift in Sources */,
				13A8B0EF219C9265003CCFC5 /* ActionHandler.swift in Sources */,
			);
			runOnlyForDeploymentPostprocessing = 0;
		};
		138CBBF3219240ED00015EDC /* Sources */ = {
			isa = PBXSourcesBuildPhase;
			buildActionMask = 2147483647;
			files = (
				138CBBFC219240ED00015EDC /* EngageTests.swift in Sources */,
			);
			runOnlyForDeploymentPostprocessing = 0;
		};
		138CBBFE219240ED00015EDC /* Sources */ = {
			isa = PBXSourcesBuildPhase;
			buildActionMask = 2147483647;
			files = (
				138CBC07219240ED00015EDC /* EngageUITests.swift in Sources */,
			);
			runOnlyForDeploymentPostprocessing = 0;
		};
/* End PBXSourcesBuildPhase section */

/* Begin PBXTargetDependency section */
		138CBBF9219240ED00015EDC /* PBXTargetDependency */ = {
			isa = PBXTargetDependency;
			target = 138CBBDE219240EB00015EDC /* Engage */;
			targetProxy = 138CBBF8219240ED00015EDC /* PBXContainerItemProxy */;
		};
		138CBC04219240ED00015EDC /* PBXTargetDependency */ = {
			isa = PBXTargetDependency;
			target = 138CBBDE219240EB00015EDC /* Engage */;
			targetProxy = 138CBC03219240ED00015EDC /* PBXContainerItemProxy */;
		};
/* End PBXTargetDependency section */

/* Begin PBXVariantGroup section */
		138CBBEF219240ED00015EDC /* LaunchScreen.storyboard */ = {
			isa = PBXVariantGroup;
			children = (
				138CBBF0219240ED00015EDC /* Base */,
			);
			name = LaunchScreen.storyboard;
			sourceTree = "<group>";
		};
/* End PBXVariantGroup section */

/* Begin XCBuildConfiguration section */
		138CBC09219240ED00015EDC /* Debug */ = {
			isa = XCBuildConfiguration;
			buildSettings = {
				ALWAYS_SEARCH_USER_PATHS = NO;
				CLANG_ANALYZER_NONNULL = YES;
				CLANG_ANALYZER_NUMBER_OBJECT_CONVERSION = YES_AGGRESSIVE;
				CLANG_CXX_LANGUAGE_STANDARD = "gnu++14";
				CLANG_CXX_LIBRARY = "libc++";
				CLANG_ENABLE_MODULES = YES;
				CLANG_ENABLE_OBJC_ARC = YES;
				CLANG_ENABLE_OBJC_WEAK = YES;
				CLANG_WARN_BLOCK_CAPTURE_AUTORELEASING = YES;
				CLANG_WARN_BOOL_CONVERSION = YES;
				CLANG_WARN_COMMA = YES;
				CLANG_WARN_CONSTANT_CONVERSION = YES;
				CLANG_WARN_DEPRECATED_OBJC_IMPLEMENTATIONS = YES;
				CLANG_WARN_DIRECT_OBJC_ISA_USAGE = YES_ERROR;
				CLANG_WARN_DOCUMENTATION_COMMENTS = YES;
				CLANG_WARN_EMPTY_BODY = YES;
				CLANG_WARN_ENUM_CONVERSION = YES;
				CLANG_WARN_INFINITE_RECURSION = YES;
				CLANG_WARN_INT_CONVERSION = YES;
				CLANG_WARN_NON_LITERAL_NULL_CONVERSION = YES;
				CLANG_WARN_OBJC_IMPLICIT_RETAIN_SELF = YES;
				CLANG_WARN_OBJC_LITERAL_CONVERSION = YES;
				CLANG_WARN_OBJC_ROOT_CLASS = YES_ERROR;
				CLANG_WARN_RANGE_LOOP_ANALYSIS = YES;
				CLANG_WARN_STRICT_PROTOTYPES = YES;
				CLANG_WARN_SUSPICIOUS_MOVE = YES;
				CLANG_WARN_UNGUARDED_AVAILABILITY = YES_AGGRESSIVE;
				CLANG_WARN_UNREACHABLE_CODE = YES;
				CLANG_WARN__DUPLICATE_METHOD_MATCH = YES;
				CODE_SIGN_IDENTITY = "iPhone Developer";
				COPY_PHASE_STRIP = NO;
				DEBUG_INFORMATION_FORMAT = dwarf;
				ENABLE_STRICT_OBJC_MSGSEND = YES;
				ENABLE_TESTABILITY = YES;
				GCC_C_LANGUAGE_STANDARD = gnu11;
				GCC_DYNAMIC_NO_PIC = NO;
				GCC_NO_COMMON_BLOCKS = YES;
				GCC_OPTIMIZATION_LEVEL = 0;
				GCC_PREPROCESSOR_DEFINITIONS = (
					"DEBUG=1",
					"$(inherited)",
				);
				GCC_WARN_64_TO_32_BIT_CONVERSION = YES;
				GCC_WARN_ABOUT_RETURN_TYPE = YES_ERROR;
				GCC_WARN_UNDECLARED_SELECTOR = YES;
				GCC_WARN_UNINITIALIZED_AUTOS = YES_AGGRESSIVE;
				GCC_WARN_UNUSED_FUNCTION = YES;
				GCC_WARN_UNUSED_VARIABLE = YES;
				IPHONEOS_DEPLOYMENT_TARGET = 12.1;
				MTL_ENABLE_DEBUG_INFO = INCLUDE_SOURCE;
				MTL_FAST_MATH = YES;
				ONLY_ACTIVE_ARCH = YES;
				SDKROOT = iphoneos;
				SWIFT_ACTIVE_COMPILATION_CONDITIONS = DEBUG;
				SWIFT_OPTIMIZATION_LEVEL = "-Onone";
			};
			name = Debug;
		};
		138CBC0A219240ED00015EDC /* Release */ = {
			isa = XCBuildConfiguration;
			buildSettings = {
				ALWAYS_SEARCH_USER_PATHS = NO;
				CLANG_ANALYZER_NONNULL = YES;
				CLANG_ANALYZER_NUMBER_OBJECT_CONVERSION = YES_AGGRESSIVE;
				CLANG_CXX_LANGUAGE_STANDARD = "gnu++14";
				CLANG_CXX_LIBRARY = "libc++";
				CLANG_ENABLE_MODULES = YES;
				CLANG_ENABLE_OBJC_ARC = YES;
				CLANG_ENABLE_OBJC_WEAK = YES;
				CLANG_WARN_BLOCK_CAPTURE_AUTORELEASING = YES;
				CLANG_WARN_BOOL_CONVERSION = YES;
				CLANG_WARN_COMMA = YES;
				CLANG_WARN_CONSTANT_CONVERSION = YES;
				CLANG_WARN_DEPRECATED_OBJC_IMPLEMENTATIONS = YES;
				CLANG_WARN_DIRECT_OBJC_ISA_USAGE = YES_ERROR;
				CLANG_WARN_DOCUMENTATION_COMMENTS = YES;
				CLANG_WARN_EMPTY_BODY = YES;
				CLANG_WARN_ENUM_CONVERSION = YES;
				CLANG_WARN_INFINITE_RECURSION = YES;
				CLANG_WARN_INT_CONVERSION = YES;
				CLANG_WARN_NON_LITERAL_NULL_CONVERSION = YES;
				CLANG_WARN_OBJC_IMPLICIT_RETAIN_SELF = YES;
				CLANG_WARN_OBJC_LITERAL_CONVERSION = YES;
				CLANG_WARN_OBJC_ROOT_CLASS = YES_ERROR;
				CLANG_WARN_RANGE_LOOP_ANALYSIS = YES;
				CLANG_WARN_STRICT_PROTOTYPES = YES;
				CLANG_WARN_SUSPICIOUS_MOVE = YES;
				CLANG_WARN_UNGUARDED_AVAILABILITY = YES_AGGRESSIVE;
				CLANG_WARN_UNREACHABLE_CODE = YES;
				CLANG_WARN__DUPLICATE_METHOD_MATCH = YES;
				CODE_SIGN_IDENTITY = "iPhone Developer";
				COPY_PHASE_STRIP = NO;
				DEBUG_INFORMATION_FORMAT = "dwarf-with-dsym";
				ENABLE_NS_ASSERTIONS = NO;
				ENABLE_STRICT_OBJC_MSGSEND = YES;
				GCC_C_LANGUAGE_STANDARD = gnu11;
				GCC_NO_COMMON_BLOCKS = YES;
				GCC_WARN_64_TO_32_BIT_CONVERSION = YES;
				GCC_WARN_ABOUT_RETURN_TYPE = YES_ERROR;
				GCC_WARN_UNDECLARED_SELECTOR = YES;
				GCC_WARN_UNINITIALIZED_AUTOS = YES_AGGRESSIVE;
				GCC_WARN_UNUSED_FUNCTION = YES;
				GCC_WARN_UNUSED_VARIABLE = YES;
				IPHONEOS_DEPLOYMENT_TARGET = 12.1;
				MTL_ENABLE_DEBUG_INFO = NO;
				MTL_FAST_MATH = YES;
				SDKROOT = iphoneos;
				SWIFT_COMPILATION_MODE = wholemodule;
				SWIFT_OPTIMIZATION_LEVEL = "-O";
				VALIDATE_PRODUCT = YES;
			};
			name = Release;
		};
		138CBC0C219240ED00015EDC /* Debug */ = {
			isa = XCBuildConfiguration;
			baseConfigurationReference = 5BDDC33486B8FB1E13793A10 /* Pods-Engage.debug.xcconfig */;
			buildSettings = {
				ASSETCATALOG_COMPILER_APPICON_NAME = AppIcon;
				CODE_SIGN_ENTITLEMENTS = Engage/Engage.entitlements;
				CODE_SIGN_IDENTITY = "iPhone Developer";
				CODE_SIGN_STYLE = Automatic;
				DEVELOPMENT_TEAM = R4LH8X8EHM;
				INFOPLIST_FILE = Engage/Info.plist;
				LD_RUNPATH_SEARCH_PATHS = (
					"$(inherited)",
					"@executable_path/Frameworks",
				);
				PRODUCT_BUNDLE_IDENTIFIER = "com.adapt.Adapt-SEG";
				PRODUCT_NAME = "$(TARGET_NAME)";
				PROVISIONING_PROFILE_SPECIFIER = "";
				SWIFT_OBJC_BRIDGING_HEADER = "Engage/Engage-Bridging-Header.h";
				SWIFT_VERSION = 4.2;
				TARGETED_DEVICE_FAMILY = "1,2";
			};
			name = Debug;
		};
		138CBC0D219240ED00015EDC /* Release */ = {
			isa = XCBuildConfiguration;
			baseConfigurationReference = 3CA598D839A4524F973C7FF0 /* Pods-Engage.release.xcconfig */;
			buildSettings = {
				ASSETCATALOG_COMPILER_APPICON_NAME = AppIcon;
				CODE_SIGN_ENTITLEMENTS = Engage/Engage.entitlements;
				CODE_SIGN_IDENTITY = "iPhone Developer";
				CODE_SIGN_STYLE = Automatic;
				DEVELOPMENT_TEAM = R4LH8X8EHM;
				INFOPLIST_FILE = Engage/Info.plist;
				LD_RUNPATH_SEARCH_PATHS = (
					"$(inherited)",
					"@executable_path/Frameworks",
				);
				PRODUCT_BUNDLE_IDENTIFIER = "com.adapt.Adapt-SEG";
				PRODUCT_NAME = "$(TARGET_NAME)";
				PROVISIONING_PROFILE_SPECIFIER = "";
				SWIFT_OBJC_BRIDGING_HEADER = "Engage/Engage-Bridging-Header.h";
				SWIFT_VERSION = 4.2;
				TARGETED_DEVICE_FAMILY = "1,2";
			};
			name = Release;
		};
		138CBC0F219240ED00015EDC /* Debug */ = {
			isa = XCBuildConfiguration;
			baseConfigurationReference = B3A137850A16AD3C78F0AE1F /* Pods-EngageTests.debug.xcconfig */;
			buildSettings = {
				ALWAYS_EMBED_SWIFT_STANDARD_LIBRARIES = YES;
				BUNDLE_LOADER = "$(TEST_HOST)";
				CODE_SIGN_STYLE = Automatic;
				DEVELOPMENT_TEAM = R4LH8X8EHM;
				INFOPLIST_FILE = EngageTests/Info.plist;
				LD_RUNPATH_SEARCH_PATHS = (
					"$(inherited)",
					"@executable_path/Frameworks",
					"@loader_path/Frameworks",
				);
				PRODUCT_BUNDLE_IDENTIFIER = com.adapt.EngageTests;
				PRODUCT_NAME = "$(TARGET_NAME)";
				SWIFT_VERSION = 4.2;
				TARGETED_DEVICE_FAMILY = "1,2";
				TEST_HOST = "$(BUILT_PRODUCTS_DIR)/Engage.app/Engage";
			};
			name = Debug;
		};
		138CBC10219240ED00015EDC /* Release */ = {
			isa = XCBuildConfiguration;
			baseConfigurationReference = 5CE7EBEFE1975DA3276E9DD3 /* Pods-EngageTests.release.xcconfig */;
			buildSettings = {
				ALWAYS_EMBED_SWIFT_STANDARD_LIBRARIES = YES;
				BUNDLE_LOADER = "$(TEST_HOST)";
				CODE_SIGN_STYLE = Automatic;
				DEVELOPMENT_TEAM = R4LH8X8EHM;
				INFOPLIST_FILE = EngageTests/Info.plist;
				LD_RUNPATH_SEARCH_PATHS = (
					"$(inherited)",
					"@executable_path/Frameworks",
					"@loader_path/Frameworks",
				);
				PRODUCT_BUNDLE_IDENTIFIER = com.adapt.EngageTests;
				PRODUCT_NAME = "$(TARGET_NAME)";
				SWIFT_VERSION = 4.2;
				TARGETED_DEVICE_FAMILY = "1,2";
				TEST_HOST = "$(BUILT_PRODUCTS_DIR)/Engage.app/Engage";
			};
			name = Release;
		};
		138CBC12219240ED00015EDC /* Debug */ = {
			isa = XCBuildConfiguration;
			baseConfigurationReference = EC205C81AF4BA3CA811D35F8 /* Pods-EngageUITests.debug.xcconfig */;
			buildSettings = {
				ALWAYS_EMBED_SWIFT_STANDARD_LIBRARIES = YES;
				CODE_SIGN_STYLE = Automatic;
				DEVELOPMENT_TEAM = R4LH8X8EHM;
				INFOPLIST_FILE = EngageUITests/Info.plist;
				LD_RUNPATH_SEARCH_PATHS = (
					"$(inherited)",
					"@executable_path/Frameworks",
					"@loader_path/Frameworks",
				);
				PRODUCT_BUNDLE_IDENTIFIER = com.adapt.EngageUITests;
				PRODUCT_NAME = "$(TARGET_NAME)";
				SWIFT_VERSION = 4.2;
				TARGETED_DEVICE_FAMILY = "1,2";
				TEST_TARGET_NAME = Engage;
			};
			name = Debug;
		};
		138CBC13219240ED00015EDC /* Release */ = {
			isa = XCBuildConfiguration;
			baseConfigurationReference = 08DC33DB7D0BE11A4E0A761F /* Pods-EngageUITests.release.xcconfig */;
			buildSettings = {
				ALWAYS_EMBED_SWIFT_STANDARD_LIBRARIES = YES;
				CODE_SIGN_STYLE = Automatic;
				DEVELOPMENT_TEAM = R4LH8X8EHM;
				INFOPLIST_FILE = EngageUITests/Info.plist;
				LD_RUNPATH_SEARCH_PATHS = (
					"$(inherited)",
					"@executable_path/Frameworks",
					"@loader_path/Frameworks",
				);
				PRODUCT_BUNDLE_IDENTIFIER = com.adapt.EngageUITests;
				PRODUCT_NAME = "$(TARGET_NAME)";
				SWIFT_VERSION = 4.2;
				TARGETED_DEVICE_FAMILY = "1,2";
				TEST_TARGET_NAME = Engage;
			};
			name = Release;
		};
/* End XCBuildConfiguration section */

/* Begin XCConfigurationList section */
		138CBBDA219240EB00015EDC /* Build configuration list for PBXProject "Engage" */ = {
			isa = XCConfigurationList;
			buildConfigurations = (
				138CBC09219240ED00015EDC /* Debug */,
				138CBC0A219240ED00015EDC /* Release */,
			);
			defaultConfigurationIsVisible = 0;
			defaultConfigurationName = Release;
		};
		138CBC0B219240ED00015EDC /* Build configuration list for PBXNativeTarget "Engage" */ = {
			isa = XCConfigurationList;
			buildConfigurations = (
				138CBC0C219240ED00015EDC /* Debug */,
				138CBC0D219240ED00015EDC /* Release */,
			);
			defaultConfigurationIsVisible = 0;
			defaultConfigurationName = Release;
		};
		138CBC0E219240ED00015EDC /* Build configuration list for PBXNativeTarget "EngageTests" */ = {
			isa = XCConfigurationList;
			buildConfigurations = (
				138CBC0F219240ED00015EDC /* Debug */,
				138CBC10219240ED00015EDC /* Release */,
			);
			defaultConfigurationIsVisible = 0;
			defaultConfigurationName = Release;
		};
		138CBC11219240ED00015EDC /* Build configuration list for PBXNativeTarget "EngageUITests" */ = {
			isa = XCConfigurationList;
			buildConfigurations = (
				138CBC12219240ED00015EDC /* Debug */,
				138CBC13219240ED00015EDC /* Release */,
			);
			defaultConfigurationIsVisible = 0;
			defaultConfigurationName = Release;
		};
/* End XCConfigurationList section */
	};
	rootObject = 138CBBD7219240EB00015EDC /* Project object */;
}
